// !$*UTF8*$!
{
	archiveVersion = 1;
	classes = {
	};
	objectVersion = 50;
	objects = {

/* Begin PBXBuildFile section */
		AFB9EF632199EDDD00060A4F /* AppDelegate.swift in Sources */ = {isa = PBXBuildFile; fileRef = AFB9EF622199EDDD00060A4F /* AppDelegate.swift */; };
		AFB9EF652199EDDD00060A4F /* ViewController.swift in Sources */ = {isa = PBXBuildFile; fileRef = AFB9EF642199EDDD00060A4F /* ViewController.swift */; };
		AFB9EF682199EDDD00060A4F /* Main.storyboard in Resources */ = {isa = PBXBuildFile; fileRef = AFB9EF662199EDDD00060A4F /* Main.storyboard */; };
		AFB9EF6A2199EDE000060A4F /* Assets.xcassets in Resources */ = {isa = PBXBuildFile; fileRef = AFB9EF692199EDE000060A4F /* Assets.xcassets */; };
		AFB9EF6D2199EDE000060A4F /* LaunchScreen.storyboard in Resources */ = {isa = PBXBuildFile; fileRef = AFB9EF6B2199EDE000060A4F /* LaunchScreen.storyboard */; };
		AFB9EF782199EDE000060A4F /* TicTacToeUpdateTests.swift in Sources */ = {isa = PBXBuildFile; fileRef = AFB9EF772199EDE000060A4F /* TicTacToeUpdateTests.swift */; };
		AFB9EF832199EDE000060A4F /* TicTacToeUpdateUITests.swift in Sources */ = {isa = PBXBuildFile; fileRef = AFB9EF822199EDE000060A4F /* TicTacToeUpdateUITests.swift */; };
		AFB9EF932199EE7200060A4F /* Cross.png in Resources */ = {isa = PBXBuildFile; fileRef = AFB9EF902199EE7200060A4F /* Cross.png */; };
		AFB9EF942199EE7200060A4F /* Cross.png in Resources */ = {isa = PBXBuildFile; fileRef = AFB9EF902199EE7200060A4F /* Cross.png */; };
		AFB9EF952199EE7200060A4F /* Board.png in Resources */ = {isa = PBXBuildFile; fileRef = AFB9EF912199EE7200060A4F /* Board.png */; };
		AFB9EF962199EE7200060A4F /* Board.png in Resources */ = {isa = PBXBuildFile; fileRef = AFB9EF912199EE7200060A4F /* Board.png */; };
		AFB9EF972199EE7200060A4F /* Nought.png in Resources */ = {isa = PBXBuildFile; fileRef = AFB9EF922199EE7200060A4F /* Nought.png */; };
		AFB9EF982199EE7200060A4F /* Nought.png in Resources */ = {isa = PBXBuildFile; fileRef = AFB9EF922199EE7200060A4F /* Nought.png */; };
		AFB9EFD6219A1FD000060A4F /* Cross.png in Resources */ = {isa = PBXBuildFile; fileRef = AFB9EFD5219A1FD000060A4F /* Cross.png */; };
		AFB9EFDB219A200400060A4F /* Nought.png in Resources */ = {isa = PBXBuildFile; fileRef = AFB9EFDA219A200400060A4F /* Nought.png */; };
		AFB9EFDC219A200400060A4F /* Nought.png in Resources */ = {isa = PBXBuildFile; fileRef = AFB9EFDA219A200400060A4F /* Nought.png */; };
/* End PBXBuildFile section */

/* Begin PBXContainerItemProxy section */
		AFB9EF742199EDE000060A4F /* PBXContainerItemProxy */ = {
			isa = PBXContainerItemProxy;
			containerPortal = AFB9EF572199EDDD00060A4F /* Project object */;
			proxyType = 1;
			remoteGlobalIDString = AFB9EF5E2199EDDD00060A4F;
			remoteInfo = TicTacToeUpdate;
		};
		AFB9EF7F2199EDE000060A4F /* PBXContainerItemProxy */ = {
			isa = PBXContainerItemProxy;
			containerPortal = AFB9EF572199EDDD00060A4F /* Project object */;
			proxyType = 1;
			remoteGlobalIDString = AFB9EF5E2199EDDD00060A4F;
			remoteInfo = TicTacToeUpdate;
		};
/* End PBXContainerItemProxy section */

/* Begin PBXFileReference section */
		AFB9EF5F2199EDDD00060A4F /* TicTacToeUpdate.app */ = {isa = PBXFileReference; explicitFileType = wrapper.application; includeInIndex = 0; path = TicTacToeUpdate.app; sourceTree = BUILT_PRODUCTS_DIR; };
		AFB9EF622199EDDD00060A4F /* AppDelegate.swift */ = {isa = PBXFileReference; lastKnownFileType = sourcecode.swift; path = AppDelegate.swift; sourceTree = "<group>"; };
		AFB9EF642199EDDD00060A4F /* ViewController.swift */ = {isa = PBXFileReference; lastKnownFileType = sourcecode.swift; path = ViewController.swift; sourceTree = "<group>"; };
		AFB9EF672199EDDD00060A4F /* Base */ = {isa = PBXFileReference; lastKnownFileType = file.storyboard; name = Base; path = Base.lproj/Main.storyboard; sourceTree = "<group>"; };
		AFB9EF692199EDE000060A4F /* Assets.xcassets */ = {isa = PBXFileReference; lastKnownFileType = folder.assetcatalog; path = Assets.xcassets; sourceTree = "<group>"; };
		AFB9EF6C2199EDE000060A4F /* Base */ = {isa = PBXFileReference; lastKnownFileType = file.storyboard; name = Base; path = Base.lproj/LaunchScreen.storyboard; sourceTree = "<group>"; };
		AFB9EF6E2199EDE000060A4F /* Info.plist */ = {isa = PBXFileReference; lastKnownFileType = text.plist.xml; path = Info.plist; sourceTree = "<group>"; };
		AFB9EF732199EDE000060A4F /* TicTacToeUpdateTests.xctest */ = {isa = PBXFileReference; explicitFileType = wrapper.cfbundle; includeInIndex = 0; path = TicTacToeUpdateTests.xctest; sourceTree = BUILT_PRODUCTS_DIR; };
		AFB9EF772199EDE000060A4F /* TicTacToeUpdateTests.swift */ = {isa = PBXFileReference; lastKnownFileType = sourcecode.swift; path = TicTacToeUpdateTests.swift; sourceTree = "<group>"; };
		AFB9EF792199EDE000060A4F /* Info.plist */ = {isa = PBXFileReference; lastKnownFileType = text.plist.xml; path = Info.plist; sourceTree = "<group>"; };
		AFB9EF7E2199EDE000060A4F /* TicTacToeUpdateUITests.xctest */ = {isa = PBXFileReference; explicitFileType = wrapper.cfbundle; includeInIndex = 0; path = TicTacToeUpdateUITests.xctest; sourceTree = BUILT_PRODUCTS_DIR; };
		AFB9EF822199EDE000060A4F /* TicTacToeUpdateUITests.swift */ = {isa = PBXFileReference; lastKnownFileType = sourcecode.swift; path = TicTacToeUpdateUITests.swift; sourceTree = "<group>"; };
		AFB9EF842199EDE000060A4F /* Info.plist */ = {isa = PBXFileReference; lastKnownFileType = text.plist.xml; path = Info.plist; sourceTree = "<group>"; };
		AFB9EF902199EE7200060A4F /* Cross.png */ = {isa = PBXFileReference; lastKnownFileType = image.png; path = Cross.png; sourceTree = "<group>"; };
		AFB9EF912199EE7200060A4F /* Board.png */ = {isa = PBXFileReference; lastKnownFileType = image.png; path = Board.png; sourceTree = "<group>"; };
		AFB9EF922199EE7200060A4F /* Nought.png */ = {isa = PBXFileReference; lastKnownFileType = image.png; path = Nought.png; sourceTree = "<group>"; };
		AFB9EFD5219A1FD000060A4F /* Cross.png */ = {isa = PBXFileReference; lastKnownFileType = image.png; path = Cross.png; sourceTree = "<group>"; };
		AFB9EFDA219A200400060A4F /* Nought.png */ = {isa = PBXFileReference; lastKnownFileType = image.png; path = Nought.png; sourceTree = "<group>"; };
/* End PBXFileReference section */

/* Begin PBXFrameworksBuildPhase section */
		AFB9EF5C2199EDDD00060A4F /* Frameworks */ = {
			isa = PBXFrameworksBuildPhase;
			buildActionMask = 2147483647;
			files = (
			);
			runOnlyForDeploymentPostprocessing = 0;
		};
		AFB9EF702199EDE000060A4F /* Frameworks */ = {
			isa = PBXFrameworksBuildPhase;
			buildActionMask = 2147483647;
			files = (
			);
			runOnlyForDeploymentPostprocessing = 0;
		};
		AFB9EF7B2199EDE000060A4F /* Frameworks */ = {
			isa = PBXFrameworksBuildPhase;
			buildActionMask = 2147483647;
			files = (
			);
			runOnlyForDeploymentPostprocessing = 0;
		};
/* End PBXFrameworksBuildPhase section */

/* Begin PBXGroup section */
		AFB9EF562199EDDD00060A4F = {
			isa = PBXGroup;
			children = (
				AFB9EF612199EDDD00060A4F /* TicTacToeUpdate */,
				AFB9EF762199EDE000060A4F /* TicTacToeUpdateTests */,
				AFB9EF812199EDE000060A4F /* TicTacToeUpdateUITests */,
				AFB9EF602199EDDD00060A4F /* Products */,
			);
			sourceTree = "<group>";
		};
		AFB9EF602199EDDD00060A4F /* Products */ = {
			isa = PBXGroup;
			children = (
				AFB9EF5F2199EDDD00060A4F /* TicTacToeUpdate.app */,
				AFB9EF732199EDE000060A4F /* TicTacToeUpdateTests.xctest */,
				AFB9EF7E2199EDE000060A4F /* TicTacToeUpdateUITests.xctest */,
			);
			name = Products;
			sourceTree = "<group>";
		};
		AFB9EF612199EDDD00060A4F /* TicTacToeUpdate */ = {
			isa = PBXGroup;
			children = (
				AFB9EF622199EDDD00060A4F /* AppDelegate.swift */,
				AFB9EF642199EDDD00060A4F /* ViewController.swift */,
				AFB9EF662199EDDD00060A4F /* Main.storyboard */,
				AFB9EF692199EDE000060A4F /* Assets.xcassets */,
				AFB9EF6B2199EDE000060A4F /* LaunchScreen.storyboard */,
				AFB9EF6E2199EDE000060A4F /* Info.plist */,
			);
			path = TicTacToeUpdate;
			sourceTree = "<group>";
		};
		AFB9EF762199EDE000060A4F /* TicTacToeUpdateTests */ = {
			isa = PBXGroup;
			children = (
				AFB9EF772199EDE000060A4F /* TicTacToeUpdateTests.swift */,
				AFB9EF792199EDE000060A4F /* Info.plist */,
			);
			path = TicTacToeUpdateTests;
			sourceTree = "<group>";
		};
		AFB9EF812199EDE000060A4F /* TicTacToeUpdateUITests */ = {
			isa = PBXGroup;
			children = (
				AFB9EFDA219A200400060A4F /* Nought.png */,
				AFB9EFD5219A1FD000060A4F /* Cross.png */,
				AFB9EF822199EDE000060A4F /* TicTacToeUpdateUITests.swift */,
				AFB9EF842199EDE000060A4F /* Info.plist */,
				AFB9EF912199EE7200060A4F /* Board.png */,
				AFB9EF902199EE7200060A4F /* Cross.png */,
				AFB9EF922199EE7200060A4F /* Nought.png */,
			);
			path = TicTacToeUpdateUITests;
			sourceTree = "<group>";
		};
/* End PBXGroup section */

/* Begin PBXNativeTarget section */
		AFB9EF5E2199EDDD00060A4F /* TicTacToeUpdate */ = {
			isa = PBXNativeTarget;
			buildConfigurationList = AFB9EF872199EDE000060A4F /* Build configuration list for PBXNativeTarget "TicTacToeUpdate" */;
			buildPhases = (
				AFB9EF5B2199EDDD00060A4F /* Sources */,
				AFB9EF5C2199EDDD00060A4F /* Frameworks */,
				AFB9EF5D2199EDDD00060A4F /* Resources */,
			);
			buildRules = (
			);
			dependencies = (
			);
			name = TicTacToeUpdate;
			productName = TicTacToeUpdate;
			productReference = AFB9EF5F2199EDDD00060A4F /* TicTacToeUpdate.app */;
			productType = "com.apple.product-type.application";
		};
		AFB9EF722199EDE000060A4F /* TicTacToeUpdateTests */ = {
			isa = PBXNativeTarget;
			buildConfigurationList = AFB9EF8A2199EDE000060A4F /* Build configuration list for PBXNativeTarget "TicTacToeUpdateTests" */;
			buildPhases = (
				AFB9EF6F2199EDE000060A4F /* Sources */,
				AFB9EF702199EDE000060A4F /* Frameworks */,
				AFB9EF712199EDE000060A4F /* Resources */,
			);
			buildRules = (
			);
			dependencies = (
				AFB9EF752199EDE000060A4F /* PBXTargetDependency */,
			);
			name = TicTacToeUpdateTests;
			productName = TicTacToeUpdateTests;
			productReference = AFB9EF732199EDE000060A4F /* TicTacToeUpdateTests.xctest */;
			productType = "com.apple.product-type.bundle.unit-test";
		};
		AFB9EF7D2199EDE000060A4F /* TicTacToeUpdateUITests */ = {
			isa = PBXNativeTarget;
			buildConfigurationList = AFB9EF8D2199EDE000060A4F /* Build configuration list for PBXNativeTarget "TicTacToeUpdateUITests" */;
			buildPhases = (
				AFB9EF7A2199EDE000060A4F /* Sources */,
				AFB9EF7B2199EDE000060A4F /* Frameworks */,
				AFB9EF7C2199EDE000060A4F /* Resources */,
			);
			buildRules = (
			);
			dependencies = (
				AFB9EF802199EDE000060A4F /* PBXTargetDependency */,
			);
			name = TicTacToeUpdateUITests;
			productName = TicTacToeUpdateUITests;
			productReference = AFB9EF7E2199EDE000060A4F /* TicTacToeUpdateUITests.xctest */;
			productType = "com.apple.product-type.bundle.ui-testing";
		};
/* End PBXNativeTarget section */

/* Begin PBXProject section */
		AFB9EF572199EDDD00060A4F /* Project object */ = {
			isa = PBXProject;
			attributes = {
				LastSwiftUpdateCheck = 1010;
				LastUpgradeCheck = 1010;
				ORGANIZATIONNAME = Vanjo;
				TargetAttributes = {
					AFB9EF5E2199EDDD00060A4F = {
						CreatedOnToolsVersion = 10.1;
					};
					AFB9EF722199EDE000060A4F = {
						CreatedOnToolsVersion = 10.1;
						TestTargetID = AFB9EF5E2199EDDD00060A4F;
					};
					AFB9EF7D2199EDE000060A4F = {
						CreatedOnToolsVersion = 10.1;
						TestTargetID = AFB9EF5E2199EDDD00060A4F;
					};
				};
			};
			buildConfigurationList = AFB9EF5A2199EDDD00060A4F /* Build configuration list for PBXProject "TicTacToeUpdate" */;
			compatibilityVersion = "Xcode 9.3";
			developmentRegion = en;
			hasScannedForEncodings = 0;
			knownRegions = (
				en,
				Base,
			);
			mainGroup = AFB9EF562199EDDD00060A4F;
			productRefGroup = AFB9EF602199EDDD00060A4F /* Products */;
			projectDirPath = "";
			projectRoot = "";
			targets = (
				AFB9EF5E2199EDDD00060A4F /* TicTacToeUpdate */,
				AFB9EF722199EDE000060A4F /* TicTacToeUpdateTests */,
				AFB9EF7D2199EDE000060A4F /* TicTacToeUpdateUITests */,
			);
		};
/* End PBXProject section */

/* Begin PBXResourcesBuildPhase section */
		AFB9EF5D2199EDDD00060A4F /* Resources */ = {
			isa = PBXResourcesBuildPhase;
			buildActionMask = 2147483647;
			files = (
				AFB9EF972199EE7200060A4F /* Nought.png in Resources */,
				AFB9EF952199EE7200060A4F /* Board.png in Resources */,
				AFB9EF6D2199EDE000060A4F /* LaunchScreen.storyboard in Resources */,
				AFB9EF6A2199EDE000060A4F /* Assets.xcassets in Resources */,
				AFB9EFDB219A200400060A4F /* Nought.png in Resources */,
				AFB9EF932199EE7200060A4F /* Cross.png in Resources */,
				AFB9EF682199EDDD00060A4F /* Main.storyboard in Resources */,
			);
			runOnlyForDeploymentPostprocessing = 0;
		};
		AFB9EF712199EDE000060A4F /* Resources */ = {
			isa = PBXResourcesBuildPhase;
			buildActionMask = 2147483647;
			files = (
			);
			runOnlyForDeploymentPostprocessing = 0;
		};
		AFB9EF7C2199EDE000060A4F /* Resources */ = {
			isa = PBXResourcesBuildPhase;
			buildActionMask = 2147483647;
			files = (
				AFB9EFDC219A200400060A4F /* Nought.png in Resources */,
				AFB9EF982199EE7200060A4F /* Nought.png in Resources */,
				AFB9EF962199EE7200060A4F /* Board.png in Resources */,
				AFB9EFD6219A1FD000060A4F /* Cross.png in Resources */,
				AFB9EF942199EE7200060A4F /* Cross.png in Resources */,
			);
			runOnlyForDeploymentPostprocessing = 0;
		};
/* End PBXResourcesBuildPhase section */

/* Begin PBXSourcesBuildPhase section */
		AFB9EF5B2199EDDD00060A4F /* Sources */ = {
			isa = PBXSourcesBuildPhase;
			buildActionMask = 2147483647;
			files = (
				AFB9EF652199EDDD00060A4F /* ViewController.swift in Sources */,
				AFB9EF632199EDDD00060A4F /* AppDelegate.swift in Sources */,
			);
			runOnlyForDeploymentPostprocessing = 0;
		};
		AFB9EF6F2199EDE000060A4F /* Sources */ = {
			isa = PBXSourcesBuildPhase;
			buildActionMask = 2147483647;
			files = (
				AFB9EF782199EDE000060A4F /* TicTacToeUpdateTests.swift in Sources */,
			);
			runOnlyForDeploymentPostprocessing = 0;
		};
		AFB9EF7A2199EDE000060A4F /* Sources */ = {
			isa = PBXSourcesBuildPhase;
			buildActionMask = 2147483647;
			files = (
				AFB9EF832199EDE000060A4F /* TicTacToeUpdateUITests.swift in Sources */,
			);
			runOnlyForDeploymentPostprocessing = 0;
		};
/* End PBXSourcesBuildPhase section */

/* Begin PBXTargetDependency section */
		AFB9EF752199EDE000060A4F /* PBXTargetDependency */ = {
			isa = PBXTargetDependency;
			target = AFB9EF5E2199EDDD00060A4F /* TicTacToeUpdate */;
			targetProxy = AFB9EF742199EDE000060A4F /* PBXContainerItemProxy */;
		};
		AFB9EF802199EDE000060A4F /* PBXTargetDependency */ = {
			isa = PBXTargetDependency;
			target = AFB9EF5E2199EDDD00060A4F /* TicTacToeUpdate */;
			targetProxy = AFB9EF7F2199EDE000060A4F /* PBXContainerItemProxy */;
		};
/* End PBXTargetDependency section */

/* Begin PBXVariantGroup section */
		AFB9EF662199EDDD00060A4F /* Main.storyboard */ = {
			isa = PBXVariantGroup;
			children = (
				AFB9EF672199EDDD00060A4F /* Base */,
			);
			name = Main.storyboard;
			sourceTree = "<group>";
		};
		AFB9EF6B2199EDE000060A4F /* LaunchScreen.storyboard */ = {
			isa = PBXVariantGroup;
			children = (
				AFB9EF6C2199EDE000060A4F /* Base */,
			);
			name = LaunchScreen.storyboard;
			sourceTree = "<group>";
		};
/* End PBXVariantGroup section */

/* Begin XCBuildConfiguration section */
		AFB9EF852199EDE000060A4F /* Debug */ = {
			isa = XCBuildConfiguration;
			buildSettings = {
				ALWAYS_SEARCH_USER_PATHS = NO;
				CLANG_ANALYZER_NONNULL = YES;
				CLANG_ANALYZER_NUMBER_OBJECT_CONVERSION = YES_AGGRESSIVE;
				CLANG_CXX_LANGUAGE_STANDARD = "gnu++14";
				CLANG_CXX_LIBRARY = "libc++";
				CLANG_ENABLE_MODULES = YES;
				CLANG_ENABLE_OBJC_ARC = YES;
				CLANG_ENABLE_OBJC_WEAK = YES;
				CLANG_WARN_BLOCK_CAPTURE_AUTORELEASING = YES;
				CLANG_WARN_BOOL_CONVERSION = YES;
				CLANG_WARN_COMMA = YES;
				CLANG_WARN_CONSTANT_CONVERSION = YES;
				CLANG_WARN_DEPRECATED_OBJC_IMPLEMENTATIONS = YES;
				CLANG_WARN_DIRECT_OBJC_ISA_USAGE = YES_ERROR;
				CLANG_WARN_DOCUMENTATION_COMMENTS = YES;
				CLANG_WARN_EMPTY_BODY = YES;
				CLANG_WARN_ENUM_CONVERSION = YES;
				CLANG_WARN_INFINITE_RECURSION = YES;
				CLANG_WARN_INT_CONVERSION = YES;
				CLANG_WARN_NON_LITERAL_NULL_CONVERSION = YES;
				CLANG_WARN_OBJC_IMPLICIT_RETAIN_SELF = YES;
				CLANG_WARN_OBJC_LITERAL_CONVERSION = YES;
				CLANG_WARN_OBJC_ROOT_CLASS = YES_ERROR;
				CLANG_WARN_RANGE_LOOP_ANALYSIS = YES;
				CLANG_WARN_STRICT_PROTOTYPES = YES;
				CLANG_WARN_SUSPICIOUS_MOVE = YES;
				CLANG_WARN_UNGUARDED_AVAILABILITY = YES_AGGRESSIVE;
				CLANG_WARN_UNREACHABLE_CODE = YES;
				CLANG_WARN__DUPLICATE_METHOD_MATCH = YES;
				CODE_SIGN_IDENTITY = "iPhone Developer";
				COPY_PHASE_STRIP = NO;
				DEBUG_INFORMATION_FORMAT = dwarf;
				ENABLE_STRICT_OBJC_MSGSEND = YES;
				ENABLE_TESTABILITY = YES;
				GCC_C_LANGUAGE_STANDARD = gnu11;
				GCC_DYNAMIC_NO_PIC = NO;
				GCC_NO_COMMON_BLOCKS = YES;
				GCC_OPTIMIZATION_LEVEL = 0;
				GCC_PREPROCESSOR_DEFINITIONS = (
					"DEBUG=1",
					"$(inherited)",
				);
				GCC_WARN_64_TO_32_BIT_CONVERSION = YES;
				GCC_WARN_ABOUT_RETURN_TYPE = YES_ERROR;
				GCC_WARN_UNDECLARED_SELECTOR = YES;
				GCC_WARN_UNINITIALIZED_AUTOS = YES_AGGRESSIVE;
				GCC_WARN_UNUSED_FUNCTION = YES;
				GCC_WARN_UNUSED_VARIABLE = YES;
				IPHONEOS_DEPLOYMENT_TARGET = 12.1;
				MTL_ENABLE_DEBUG_INFO = INCLUDE_SOURCE;
				MTL_FAST_MATH = YES;
				ONLY_ACTIVE_ARCH = YES;
				SDKROOT = iphoneos;
				SWIFT_ACTIVE_COMPILATION_CONDITIONS = DEBUG;
				SWIFT_OPTIMIZATION_LEVEL = "-Onone";
			};
			name = Debug;
		};
		AFB9EF862199EDE000060A4F /* Release */ = {
			isa = XCBuildConfiguration;
			buildSettings = {
				ALWAYS_SEARCH_USER_PATHS = NO;
				CLANG_ANALYZER_NONNULL = YES;
				CLANG_ANALYZER_NUMBER_OBJECT_CONVERSION = YES_AGGRESSIVE;
				CLANG_CXX_LANGUAGE_STANDARD = "gnu++14";
				CLANG_CXX_LIBRARY = "libc++";
				CLANG_ENABLE_MODULES = YES;
				CLANG_ENABLE_OBJC_ARC = YES;
				CLANG_ENABLE_OBJC_WEAK = YES;
				CLANG_WARN_BLOCK_CAPTURE_AUTORELEASING = YES;
				CLANG_WARN_BOOL_CONVERSION = YES;
				CLANG_WARN_COMMA = YES;
				CLANG_WARN_CONSTANT_CONVERSION = YES;
				CLANG_WARN_DEPRECATED_OBJC_IMPLEMENTATIONS = YES;
				CLANG_WARN_DIRECT_OBJC_ISA_USAGE = YES_ERROR;
				CLANG_WARN_DOCUMENTATION_COMMENTS = YES;
				CLANG_WARN_EMPTY_BODY = YES;
				CLANG_WARN_ENUM_CONVERSION = YES;
				CLANG_WARN_INFINITE_RECURSION = YES;
				CLANG_WARN_INT_CONVERSION = YES;
				CLANG_WARN_NON_LITERAL_NULL_CONVERSION = YES;
				CLANG_WARN_OBJC_IMPLICIT_RETAIN_SELF = YES;
				CLANG_WARN_OBJC_LITERAL_CONVERSION = YES;
				CLANG_WARN_OBJC_ROOT_CLASS = YES_ERROR;
				CLANG_WARN_RANGE_LOOP_ANALYSIS = YES;
				CLANG_WARN_STRICT_PROTOTYPES = YES;
				CLANG_WARN_SUSPICIOUS_MOVE = YES;
				CLANG_WARN_UNGUARDED_AVAILABILITY = YES_AGGRESSIVE;
				CLANG_WARN_UNREACHABLE_CODE = YES;
				CLANG_WARN__DUPLICATE_METHOD_MATCH = YES;
				CODE_SIGN_IDENTITY = "iPhone Developer";
				COPY_PHASE_STRIP = NO;
				DEBUG_INFORMATION_FORMAT = "dwarf-with-dsym";
				ENABLE_NS_ASSERTIONS = NO;
				ENABLE_STRICT_OBJC_MSGSEND = YES;
				GCC_C_LANGUAGE_STANDARD = gnu11;
				GCC_NO_COMMON_BLOCKS = YES;
				GCC_WARN_64_TO_32_BIT_CONVERSION = YES;
				GCC_WARN_ABOUT_RETURN_TYPE = YES_ERROR;
				GCC_WARN_UNDECLARED_SELECTOR = YES;
				GCC_WARN_UNINITIALIZED_AUTOS = YES_AGGRESSIVE;
				GCC_WARN_UNUSED_FUNCTION = YES;
				GCC_WARN_UNUSED_VARIABLE = YES;
				IPHONEOS_DEPLOYMENT_TARGET = 12.1;
				MTL_ENABLE_DEBUG_INFO = NO;
				MTL_FAST_MATH = YES;
				SDKROOT = iphoneos;
				SWIFT_COMPILATION_MODE = wholemodule;
				SWIFT_OPTIMIZATION_LEVEL = "-O";
				VALIDATE_PRODUCT = YES;
			};
			name = Release;
		};
		AFB9EF882199EDE000060A4F /* Debug */ = {
			isa = XCBuildConfiguration;
			buildSettings = {
				ASSETCATALOG_COMPILER_APPICON_NAME = AppIcon;
				CODE_SIGN_IDENTITY = "iPhone Developer";
				CODE_SIGN_STYLE = Automatic;
				DEVELOPMENT_TEAM = 5LXRW43P69;
				INFOPLIST_FILE = TicTacToeUpdate/Info.plist;
				LD_RUNPATH_SEARCH_PATHS = (
					"$(inherited)",
					"@executable_path/Frameworks",
				);
				PRODUCT_BUNDLE_IDENTIFIER = Vanjo.TicTacToeUpdate;
				PRODUCT_NAME = "$(TARGET_NAME)";
				PROVISIONING_PROFILE_SPECIFIER = "";
				SWIFT_VERSION = 4.2;
				TARGETED_DEVICE_FAMILY = "1,2";
			};
			name = Debug;
		};
		AFB9EF892199EDE000060A4F /* Release */ = {
			isa = XCBuildConfiguration;
			buildSettings = {
				ASSETCATALOG_COMPILER_APPICON_NAME = AppIcon;
				CODE_SIGN_IDENTITY = "iPhone Developer";
				CODE_SIGN_STYLE = Automatic;
				DEVELOPMENT_TEAM = 5LXRW43P69;
				INFOPLIST_FILE = TicTacToeUpdate/Info.plist;
				LD_RUNPATH_SEARCH_PATHS = (
					"$(inherited)",
					"@executable_path/Frameworks",
				);
				PRODUCT_BUNDLE_IDENTIFIER = Vanjo.TicTacToeUpdate;
				PRODUCT_NAME = "$(TARGET_NAME)";
				PROVISIONING_PROFILE_SPECIFIER = "";
				SWIFT_VERSION = 4.2;
				TARGETED_DEVICE_FAMILY = "1,2";
			};
			name = Release;
		};
		AFB9EF8B2199EDE000060A4F /* Debug */ = {
			isa = XCBuildConfiguration;
			buildSettings = {
				ALWAYS_EMBED_SWIFT_STANDARD_LIBRARIES = YES;
				BUNDLE_LOADER = "$(TEST_HOST)";
				CODE_SIGN_STYLE = Automatic;
				DEVELOPMENT_TEAM = 779L93M27G;
				INFOPLIST_FILE = TicTacToeUpdateTests/Info.plist;
				LD_RUNPATH_SEARCH_PATHS = (
					"$(inherited)",
					"@executable_path/Frameworks",
					"@loader_path/Frameworks",
				);
				PRODUCT_BUNDLE_IDENTIFIER = Vanjo.TicTacToeUpdateTests;
				PRODUCT_NAME = "$(TARGET_NAME)";
				SWIFT_VERSION = 4.2;
				TARGETED_DEVICE_FAMILY = "1,2";
				TEST_HOST = "$(BUILT_PRODUCTS_DIR)/TicTacToeUpdate.app/TicTacToeUpdate";
			};
			name = Debug;
		};
		AFB9EF8C2199EDE000060A4F /* Release */ = {
			isa = XCBuildConfiguration;
			buildSettings = {
				ALWAYS_EMBED_SWIFT_STANDARD_LIBRARIES = YES;
				BUNDLE_LOADER = "$(TEST_HOST)";
				CODE_SIGN_STYLE = Automatic;
				DEVELOPMENT_TEAM = 779L93M27G;
				INFOPLIST_FILE = TicTacToeUpdateTests/Info.plist;
				LD_RUNPATH_SEARCH_PATHS = (
					"$(inherited)",
					"@executable_path/Frameworks",
					"@loader_path/Frameworks",
				);
				PRODUCT_BUNDLE_IDENTIFIER = Vanjo.TicTacToeUpdateTests;
				PRODUCT_NAME = "$(TARGET_NAME)";
				SWIFT_VERSION = 4.2;
				TARGETED_DEVICE_FAMILY = "1,2";
				TEST_HOST = "$(BUILT_PRODUCTS_DIR)/TicTacToeUpdate.app/TicTacToeUpdate";
			};
			name = Release;
		};
		AFB9EF8E2199EDE000060A4F /* Debug */ = {
			isa = XCBuildConfiguration;
			buildSettings = {
				ALWAYS_EMBED_SWIFT_STANDARD_LIBRARIES = YES;
				CODE_SIGN_STYLE = Automatic;
				DEVELOPMENT_TEAM = 779L93M27G;
				INFOPLIST_FILE = TicTacToeUpdateUITests/Info.plist;
				LD_RUNPATH_SEARCH_PATHS = (
					"$(inherited)",
					"@executable_path/Frameworks",
					"@loader_path/Frameworks",
				);
				PRODUCT_BUNDLE_IDENTIFIER = Vanjo.TicTacToeUpdateUITests;
				PRODUCT_NAME = "$(TARGET_NAME)";
				SWIFT_VERSION = 4.2;
				TARGETED_DEVICE_FAMILY = "1,2";
				TEST_TARGET_NAME = TicTacToeUpdate;
			};
			name = Debug;
		};
		AFB9EF8F2199EDE000060A4F /* Release */ = {
			isa = XCBuildConfiguration;
			buildSettings = {
				ALWAYS_EMBED_SWIFT_STANDARD_LIBRARIES = YES;
				CODE_SIGN_STYLE = Automatic;
				DEVELOPMENT_TEAM = 779L93M27G;
				INFOPLIST_FILE = TicTacToeUpdateUITests/Info.plist;
				LD_RUNPATH_SEARCH_PATHS = (
					"$(inherited)",
					"@executable_path/Frameworks",
					"@loader_path/Frameworks",
				);
				PRODUCT_BUNDLE_IDENTIFIER = Vanjo.TicTacToeUpdateUITests;
				PRODUCT_NAME = "$(TARGET_NAME)";
				SWIFT_VERSION = 4.2;
				TARGETED_DEVICE_FAMILY = "1,2";
				TEST_TARGET_NAME = TicTacToeUpdate;
			};
			name = Release;
		};
/* End XCBuildConfiguration section */

/* Begin XCConfigurationList section */
		AFB9EF5A2199EDDD00060A4F /* Build configuration list for PBXProject "TicTacToeUpdate" */ = {
			isa = XCConfigurationList;
			buildConfigurations = (
				AFB9EF852199EDE000060A4F /* Debug */,
				AFB9EF862199EDE000060A4F /* Release */,
			);
			defaultConfigurationIsVisible = 0;
			defaultConfigurationName = Release;
		};
		AFB9EF872199EDE000060A4F /* Build configuration list for PBXNativeTarget "TicTacToeUpdate" */ = {
			isa = XCConfigurationList;
			buildConfigurations = (
				AFB9EF882199EDE000060A4F /* Debug */,
				AFB9EF892199EDE000060A4F /* Release */,
			);
			defaultConfigurationIsVisible = 0;
			defaultConfigurationName = Release;
		};
		AFB9EF8A2199EDE000060A4F /* Build configuration list for PBXNativeTarget "TicTacToeUpdateTests" */ = {
			isa = XCConfigurationList;
			buildConfigurations = (
				AFB9EF8B2199EDE000060A4F /* Debug */,
				AFB9EF8C2199EDE000060A4F /* Release */,
			);
			defaultConfigurationIsVisible = 0;
			defaultConfigurationName = Release;
		};
		AFB9EF8D2199EDE000060A4F /* Build configuration list for PBXNativeTarget "TicTacToeUpdateUITests" */ = {
			isa = XCConfigurationList;
			buildConfigurations = (
				AFB9EF8E2199EDE000060A4F /* Debug */,
				AFB9EF8F2199EDE000060A4F /* Release */,
			);
			defaultConfigurationIsVisible = 0;
			defaultConfigurationName = Release;
		};
/* End XCConfigurationList section */
	};
	rootObject = AFB9EF572199EDDD00060A4F /* Project object */;
}
