// !$*UTF8*$!
{
	archiveVersion = 1;
	classes = {
	};
	objectVersion = 50;
	objects = {

/* Begin PBXBuildFile section */
		AF00D03F21B01BF2009864CC /* AppDelegate.swift in Sources */ = {isa = PBXBuildFile; fileRef = AF00D03E21B01BF2009864CC /* AppDelegate.swift */; };
		AF00D04121B01BF2009864CC /* ViewController.swift in Sources */ = {isa = PBXBuildFile; fileRef = AF00D04021B01BF2009864CC /* ViewController.swift */; };
		AF00D04421B01BF2009864CC /* Main.storyboard in Resources */ = {isa = PBXBuildFile; fileRef = AF00D04221B01BF2009864CC /* Main.storyboard */; };
		AF00D04621B01BF5009864CC /* Assets.xcassets in Resources */ = {isa = PBXBuildFile; fileRef = AF00D04521B01BF5009864CC /* Assets.xcassets */; };
		AF00D04921B01BF5009864CC /* LaunchScreen.storyboard in Resources */ = {isa = PBXBuildFile; fileRef = AF00D04721B01BF5009864CC /* LaunchScreen.storyboard */; };
		AF00D05421B01BF5009864CC /* twoButtonTests.swift in Sources */ = {isa = PBXBuildFile; fileRef = AF00D05321B01BF5009864CC /* twoButtonTests.swift */; };
		AF00D05F21B01BF5009864CC /* twoButtonUITests.swift in Sources */ = {isa = PBXBuildFile; fileRef = AF00D05E21B01BF5009864CC /* twoButtonUITests.swift */; };
/* End PBXBuildFile section */

/* Begin PBXContainerItemProxy section */
		AF00D05021B01BF5009864CC /* PBXContainerItemProxy */ = {
			isa = PBXContainerItemProxy;
			containerPortal = AF00D03321B01BF2009864CC /* Project object */;
			proxyType = 1;
			remoteGlobalIDString = AF00D03A21B01BF2009864CC;
			remoteInfo = twoButton;
		};
		AF00D05B21B01BF5009864CC /* PBXContainerItemProxy */ = {
			isa = PBXContainerItemProxy;
			containerPortal = AF00D03321B01BF2009864CC /* Project object */;
			proxyType = 1;
			remoteGlobalIDString = AF00D03A21B01BF2009864CC;
			remoteInfo = twoButton;
		};
/* End PBXContainerItemProxy section */

/* Begin PBXFileReference section */
		AF00D03B21B01BF2009864CC /* twoButton.app */ = {isa = PBXFileReference; explicitFileType = wrapper.application; includeInIndex = 0; path = twoButton.app; sourceTree = BUILT_PRODUCTS_DIR; };
		AF00D03E21B01BF2009864CC /* AppDelegate.swift */ = {isa = PBXFileReference; lastKnownFileType = sourcecode.swift; path = AppDelegate.swift; sourceTree = "<group>"; };
		AF00D04021B01BF2009864CC /* ViewController.swift */ = {isa = PBXFileReference; lastKnownFileType = sourcecode.swift; path = ViewController.swift; sourceTree = "<group>"; };
		AF00D04321B01BF2009864CC /* Base */ = {isa = PBXFileReference; lastKnownFileType = file.storyboard; name = Base; path = Base.lproj/Main.storyboard; sourceTree = "<group>"; };
		AF00D04521B01BF5009864CC /* Assets.xcassets */ = {isa = PBXFileReference; lastKnownFileType = folder.assetcatalog; path = Assets.xcassets; sourceTree = "<group>"; };
		AF00D04821B01BF5009864CC /* Base */ = {isa = PBXFileReference; lastKnownFileType = file.storyboard; name = Base; path = Base.lproj/LaunchScreen.storyboard; sourceTree = "<group>"; };
		AF00D04A21B01BF5009864CC /* Info.plist */ = {isa = PBXFileReference; lastKnownFileType = text.plist.xml; path = Info.plist; sourceTree = "<group>"; };
		AF00D04F21B01BF5009864CC /* twoButtonTests.xctest */ = {isa = PBXFileReference; explicitFileType = wrapper.cfbundle; includeInIndex = 0; path = twoButtonTests.xctest; sourceTree = BUILT_PRODUCTS_DIR; };
		AF00D05321B01BF5009864CC /* twoButtonTests.swift */ = {isa = PBXFileReference; lastKnownFileType = sourcecode.swift; path = twoButtonTests.swift; sourceTree = "<group>"; };
		AF00D05521B01BF5009864CC /* Info.plist */ = {isa = PBXFileReference; lastKnownFileType = text.plist.xml; path = Info.plist; sourceTree = "<group>"; };
		AF00D05A21B01BF5009864CC /* twoButtonUITests.xctest */ = {isa = PBXFileReference; explicitFileType = wrapper.cfbundle; includeInIndex = 0; path = twoButtonUITests.xctest; sourceTree = BUILT_PRODUCTS_DIR; };
		AF00D05E21B01BF5009864CC /* twoButtonUITests.swift */ = {isa = PBXFileReference; lastKnownFileType = sourcecode.swift; path = twoButtonUITests.swift; sourceTree = "<group>"; };
		AF00D06021B01BF5009864CC /* Info.plist */ = {isa = PBXFileReference; lastKnownFileType = text.plist.xml; path = Info.plist; sourceTree = "<group>"; };
/* End PBXFileReference section */

/* Begin PBXFrameworksBuildPhase section */
		AF00D03821B01BF2009864CC /* Frameworks */ = {
			isa = PBXFrameworksBuildPhase;
			buildActionMask = 2147483647;
			files = (
			);
			runOnlyForDeploymentPostprocessing = 0;
		};
		AF00D04C21B01BF5009864CC /* Frameworks */ = {
			isa = PBXFrameworksBuildPhase;
			buildActionMask = 2147483647;
			files = (
			);
			runOnlyForDeploymentPostprocessing = 0;
		};
		AF00D05721B01BF5009864CC /* Frameworks */ = {
			isa = PBXFrameworksBuildPhase;
			buildActionMask = 2147483647;
			files = (
			);
			runOnlyForDeploymentPostprocessing = 0;
		};
/* End PBXFrameworksBuildPhase section */

/* Begin PBXGroup section */
		AF00D03221B01BF2009864CC = {
			isa = PBXGroup;
			children = (
				AF00D03D21B01BF2009864CC /* twoButton */,
				AF00D05221B01BF5009864CC /* twoButtonTests */,
				AF00D05D21B01BF5009864CC /* twoButtonUITests */,
				AF00D03C21B01BF2009864CC /* Products */,
			);
			sourceTree = "<group>";
		};
		AF00D03C21B01BF2009864CC /* Products */ = {
			isa = PBXGroup;
			children = (
				AF00D03B21B01BF2009864CC /* twoButton.app */,
				AF00D04F21B01BF5009864CC /* twoButtonTests.xctest */,
				AF00D05A21B01BF5009864CC /* twoButtonUITests.xctest */,
			);
			name = Products;
			sourceTree = "<group>";
		};
		AF00D03D21B01BF2009864CC /* twoButton */ = {
			isa = PBXGroup;
			children = (
				AF00D03E21B01BF2009864CC /* AppDelegate.swift */,
				AF00D04021B01BF2009864CC /* ViewController.swift */,
				AF00D04221B01BF2009864CC /* Main.storyboard */,
				AF00D04521B01BF5009864CC /* Assets.xcassets */,
				AF00D04721B01BF5009864CC /* LaunchScreen.storyboard */,
				AF00D04A21B01BF5009864CC /* Info.plist */,
			);
			path = twoButton;
			sourceTree = "<group>";
		};
		AF00D05221B01BF5009864CC /* twoButtonTests */ = {
			isa = PBXGroup;
			children = (
				AF00D05321B01BF5009864CC /* twoButtonTests.swift */,
				AF00D05521B01BF5009864CC /* Info.plist */,
			);
			path = twoButtonTests;
			sourceTree = "<group>";
		};
		AF00D05D21B01BF5009864CC /* twoButtonUITests */ = {
			isa = PBXGroup;
			children = (
				AF00D05E21B01BF5009864CC /* twoButtonUITests.swift */,
				AF00D06021B01BF5009864CC /* Info.plist */,
			);
			path = twoButtonUITests;
			sourceTree = "<group>";
		};
/* End PBXGroup section */

/* Begin PBXNativeTarget section */
		AF00D03A21B01BF2009864CC /* twoButton */ = {
			isa = PBXNativeTarget;
			buildConfigurationList = AF00D06321B01BF5009864CC /* Build configuration list for PBXNativeTarget "twoButton" */;
			buildPhases = (
				AF00D03721B01BF2009864CC /* Sources */,
				AF00D03821B01BF2009864CC /* Frameworks */,
				AF00D03921B01BF2009864CC /* Resources */,
			);
			buildRules = (
			);
			dependencies = (
			);
			name = twoButton;
			productName = twoButton;
			productReference = AF00D03B21B01BF2009864CC /* twoButton.app */;
			productType = "com.apple.product-type.application";
		};
		AF00D04E21B01BF5009864CC /* twoButtonTests */ = {
			isa = PBXNativeTarget;
			buildConfigurationList = AF00D06621B01BF5009864CC /* Build configuration list for PBXNativeTarget "twoButtonTests" */;
			buildPhases = (
				AF00D04B21B01BF5009864CC /* Sources */,
				AF00D04C21B01BF5009864CC /* Frameworks */,
				AF00D04D21B01BF5009864CC /* Resources */,
			);
			buildRules = (
			);
			dependencies = (
				AF00D05121B01BF5009864CC /* PBXTargetDependency */,
			);
			name = twoButtonTests;
			productName = twoButtonTests;
			productReference = AF00D04F21B01BF5009864CC /* twoButtonTests.xctest */;
			productType = "com.apple.product-type.bundle.unit-test";
		};
		AF00D05921B01BF5009864CC /* twoButtonUITests */ = {
			isa = PBXNativeTarget;
			buildConfigurationList = AF00D06921B01BF5009864CC /* Build configuration list for PBXNativeTarget "twoButtonUITests" */;
			buildPhases = (
				AF00D05621B01BF5009864CC /* Sources */,
				AF00D05721B01BF5009864CC /* Frameworks */,
				AF00D05821B01BF5009864CC /* Resources */,
			);
			buildRules = (
			);
			dependencies = (
				AF00D05C21B01BF5009864CC /* PBXTargetDependency */,
			);
			name = twoButtonUITests;
			productName = twoButtonUITests;
			productReference = AF00D05A21B01BF5009864CC /* twoButtonUITests.xctest */;
			productType = "com.apple.product-type.bundle.ui-testing";
		};
/* End PBXNativeTarget section */

/* Begin PBXProject section */
		AF00D03321B01BF2009864CC /* Project object */ = {
			isa = PBXProject;
			attributes = {
				LastSwiftUpdateCheck = 1010;
				LastUpgradeCheck = 1010;
				ORGANIZATIONNAME = Vanjo;
				TargetAttributes = {
					AF00D03A21B01BF2009864CC = {
						CreatedOnToolsVersion = 10.1;
					};
					AF00D04E21B01BF5009864CC = {
						CreatedOnToolsVersion = 10.1;
						TestTargetID = AF00D03A21B01BF2009864CC;
					};
					AF00D05921B01BF5009864CC = {
						CreatedOnToolsVersion = 10.1;
						TestTargetID = AF00D03A21B01BF2009864CC;
					};
				};
			};
			buildConfigurationList = AF00D03621B01BF2009864CC /* Build configuration list for PBXProject "twoButton" */;
			compatibilityVersion = "Xcode 9.3";
			developmentRegion = en;
			hasScannedForEncodings = 0;
			knownRegions = (
				en,
				Base,
			);
			mainGroup = AF00D03221B01BF2009864CC;
			productRefGroup = AF00D03C21B01BF2009864CC /* Products */;
			projectDirPath = "";
			projectRoot = "";
			targets = (
				AF00D03A21B01BF2009864CC /* twoButton */,
				AF00D04E21B01BF5009864CC /* twoButtonTests */,
				AF00D05921B01BF5009864CC /* twoButtonUITests */,
			);
		};
/* End PBXProject section */

/* Begin PBXResourcesBuildPhase section */
		AF00D03921B01BF2009864CC /* Resources */ = {
			isa = PBXResourcesBuildPhase;
			buildActionMask = 2147483647;
			files = (
				AF00D04921B01BF5009864CC /* LaunchScreen.storyboard in Resources */,
				AF00D04621B01BF5009864CC /* Assets.xcassets in Resources */,
				AF00D04421B01BF2009864CC /* Main.storyboard in Resources */,
			);
			runOnlyForDeploymentPostprocessing = 0;
		};
		AF00D04D21B01BF5009864CC /* Resources */ = {
			isa = PBXResourcesBuildPhase;
			buildActionMask = 2147483647;
			files = (
			);
			runOnlyForDeploymentPostprocessing = 0;
		};
		AF00D05821B01BF5009864CC /* Resources */ = {
			isa = PBXResourcesBuildPhase;
			buildActionMask = 2147483647;
			files = (
			);
			runOnlyForDeploymentPostprocessing = 0;
		};
/* End PBXResourcesBuildPhase section */

/* Begin PBXSourcesBuildPhase section */
		AF00D03721B01BF2009864CC /* Sources */ = {
			isa = PBXSourcesBuildPhase;
			buildActionMask = 2147483647;
			files = (
				AF00D04121B01BF2009864CC /* ViewController.swift in Sources */,
				AF00D03F21B01BF2009864CC /* AppDelegate.swift in Sources */,
			);
			runOnlyForDeploymentPostprocessing = 0;
		};
		AF00D04B21B01BF5009864CC /* Sources */ = {
			isa = PBXSourcesBuildPhase;
			buildActionMask = 2147483647;
			files = (
				AF00D05421B01BF5009864CC /* twoButtonTests.swift in Sources */,
			);
			runOnlyForDeploymentPostprocessing = 0;
		};
		AF00D05621B01BF5009864CC /* Sources */ = {
			isa = PBXSourcesBuildPhase;
			buildActionMask = 2147483647;
			files = (
				AF00D05F21B01BF5009864CC /* twoButtonUITests.swift in Sources */,
			);
			runOnlyForDeploymentPostprocessing = 0;
		};
/* End PBXSourcesBuildPhase section */

/* Begin PBXTargetDependency section */
		AF00D05121B01BF5009864CC /* PBXTargetDependency */ = {
			isa = PBXTargetDependency;
			target = AF00D03A21B01BF2009864CC /* twoButton */;
			targetProxy = AF00D05021B01BF5009864CC /* PBXContainerItemProxy */;
		};
		AF00D05C21B01BF5009864CC /* PBXTargetDependency */ = {
			isa = PBXTargetDependency;
			target = AF00D03A21B01BF2009864CC /* twoButton */;
			targetProxy = AF00D05B21B01BF5009864CC /* PBXContainerItemProxy */;
		};
/* End PBXTargetDependency section */

/* Begin PBXVariantGroup section */
		AF00D04221B01BF2009864CC /* Main.storyboard */ = {
			isa = PBXVariantGroup;
			children = (
				AF00D04321B01BF2009864CC /* Base */,
			);
			name = Main.storyboard;
			sourceTree = "<group>";
		};
		AF00D04721B01BF5009864CC /* LaunchScreen.storyboard */ = {
			isa = PBXVariantGroup;
			children = (
				AF00D04821B01BF5009864CC /* Base */,
			);
			name = LaunchScreen.storyboard;
			sourceTree = "<group>";
		};
/* End PBXVariantGroup section */

/* Begin XCBuildConfiguration section */
		AF00D06121B01BF5009864CC /* Debug */ = {
			isa = XCBuildConfiguration;
			buildSettings = {
				ALWAYS_SEARCH_USER_PATHS = NO;
				CLANG_ANALYZER_NONNULL = YES;
				CLANG_ANALYZER_NUMBER_OBJECT_CONVERSION = YES_AGGRESSIVE;
				CLANG_CXX_LANGUAGE_STANDARD = "gnu++14";
				CLANG_CXX_LIBRARY = "libc++";
				CLANG_ENABLE_MODULES = YES;
				CLANG_ENABLE_OBJC_ARC = YES;
				CLANG_ENABLE_OBJC_WEAK = YES;
				CLANG_WARN_BLOCK_CAPTURE_AUTORELEASING = YES;
				CLANG_WARN_BOOL_CONVERSION = YES;
				CLANG_WARN_COMMA = YES;
				CLANG_WARN_CONSTANT_CONVERSION = YES;
				CLANG_WARN_DEPRECATED_OBJC_IMPLEMENTATIONS = YES;
				CLANG_WARN_DIRECT_OBJC_ISA_USAGE = YES_ERROR;
				CLANG_WARN_DOCUMENTATION_COMMENTS = YES;
				CLANG_WARN_EMPTY_BODY = YES;
				CLANG_WARN_ENUM_CONVERSION = YES;
				CLANG_WARN_INFINITE_RECURSION = YES;
				CLANG_WARN_INT_CONVERSION = YES;
				CLANG_WARN_NON_LITERAL_NULL_CONVERSION = YES;
				CLANG_WARN_OBJC_IMPLICIT_RETAIN_SELF = YES;
				CLANG_WARN_OBJC_LITERAL_CONVERSION = YES;
				CLANG_WARN_OBJC_ROOT_CLASS = YES_ERROR;
				CLANG_WARN_RANGE_LOOP_ANALYSIS = YES;
				CLANG_WARN_STRICT_PROTOTYPES = YES;
				CLANG_WARN_SUSPICIOUS_MOVE = YES;
				CLANG_WARN_UNGUARDED_AVAILABILITY = YES_AGGRESSIVE;
				CLANG_WARN_UNREACHABLE_CODE = YES;
				CLANG_WARN__DUPLICATE_METHOD_MATCH = YES;
				CODE_SIGN_IDENTITY = "iPhone Developer";
				COPY_PHASE_STRIP = NO;
				DEBUG_INFORMATION_FORMAT = dwarf;
				ENABLE_STRICT_OBJC_MSGSEND = YES;
				ENABLE_TESTABILITY = YES;
				GCC_C_LANGUAGE_STANDARD = gnu11;
				GCC_DYNAMIC_NO_PIC = NO;
				GCC_NO_COMMON_BLOCKS = YES;
				GCC_OPTIMIZATION_LEVEL = 0;
				GCC_PREPROCESSOR_DEFINITIONS = (
					"DEBUG=1",
					"$(inherited)",
				);
				GCC_WARN_64_TO_32_BIT_CONVERSION = YES;
				GCC_WARN_ABOUT_RETURN_TYPE = YES_ERROR;
				GCC_WARN_UNDECLARED_SELECTOR = YES;
				GCC_WARN_UNINITIALIZED_AUTOS = YES_AGGRESSIVE;
				GCC_WARN_UNUSED_FUNCTION = YES;
				GCC_WARN_UNUSED_VARIABLE = YES;
				IPHONEOS_DEPLOYMENT_TARGET = 12.1;
				MTL_ENABLE_DEBUG_INFO = INCLUDE_SOURCE;
				MTL_FAST_MATH = YES;
				ONLY_ACTIVE_ARCH = YES;
				SDKROOT = iphoneos;
				SWIFT_ACTIVE_COMPILATION_CONDITIONS = DEBUG;
				SWIFT_OPTIMIZATION_LEVEL = "-Onone";
			};
			name = Debug;
		};
		AF00D06221B01BF5009864CC /* Release */ = {
			isa = XCBuildConfiguration;
			buildSettings = {
				ALWAYS_SEARCH_USER_PATHS = NO;
				CLANG_ANALYZER_NONNULL = YES;
				CLANG_ANALYZER_NUMBER_OBJECT_CONVERSION = YES_AGGRESSIVE;
				CLANG_CXX_LANGUAGE_STANDARD = "gnu++14";
				CLANG_CXX_LIBRARY = "libc++";
				CLANG_ENABLE_MODULES = YES;
				CLANG_ENABLE_OBJC_ARC = YES;
				CLANG_ENABLE_OBJC_WEAK = YES;
				CLANG_WARN_BLOCK_CAPTURE_AUTORELEASING = YES;
				CLANG_WARN_BOOL_CONVERSION = YES;
				CLANG_WARN_COMMA = YES;
				CLANG_WARN_CONSTANT_CONVERSION = YES;
				CLANG_WARN_DEPRECATED_OBJC_IMPLEMENTATIONS = YES;
				CLANG_WARN_DIRECT_OBJC_ISA_USAGE = YES_ERROR;
				CLANG_WARN_DOCUMENTATION_COMMENTS = YES;
				CLANG_WARN_EMPTY_BODY = YES;
				CLANG_WARN_ENUM_CONVERSION = YES;
				CLANG_WARN_INFINITE_RECURSION = YES;
				CLANG_WARN_INT_CONVERSION = YES;
				CLANG_WARN_NON_LITERAL_NULL_CONVERSION = YES;
				CLANG_WARN_OBJC_IMPLICIT_RETAIN_SELF = YES;
				CLANG_WARN_OBJC_LITERAL_CONVERSION = YES;
				CLANG_WARN_OBJC_ROOT_CLASS = YES_ERROR;
				CLANG_WARN_RANGE_LOOP_ANALYSIS = YES;
				CLANG_WARN_STRICT_PROTOTYPES = YES;
				CLANG_WARN_SUSPICIOUS_MOVE = YES;
				CLANG_WARN_UNGUARDED_AVAILABILITY = YES_AGGRESSIVE;
				CLANG_WARN_UNREACHABLE_CODE = YES;
				CLANG_WARN__DUPLICATE_METHOD_MATCH = YES;
				CODE_SIGN_IDENTITY = "iPhone Developer";
				COPY_PHASE_STRIP = NO;
				DEBUG_INFORMATION_FORMAT = "dwarf-with-dsym";
				ENABLE_NS_ASSERTIONS = NO;
				ENABLE_STRICT_OBJC_MSGSEND = YES;
				GCC_C_LANGUAGE_STANDARD = gnu11;
				GCC_NO_COMMON_BLOCKS = YES;
				GCC_WARN_64_TO_32_BIT_CONVERSION = YES;
				GCC_WARN_ABOUT_RETURN_TYPE = YES_ERROR;
				GCC_WARN_UNDECLARED_SELECTOR = YES;
				GCC_WARN_UNINITIALIZED_AUTOS = YES_AGGRESSIVE;
				GCC_WARN_UNUSED_FUNCTION = YES;
				GCC_WARN_UNUSED_VARIABLE = YES;
				IPHONEOS_DEPLOYMENT_TARGET = 12.1;
				MTL_ENABLE_DEBUG_INFO = NO;
				MTL_FAST_MATH = YES;
				SDKROOT = iphoneos;
				SWIFT_COMPILATION_MODE = wholemodule;
				SWIFT_OPTIMIZATION_LEVEL = "-O";
				VALIDATE_PRODUCT = YES;
			};
			name = Release;
		};
		AF00D06421B01BF5009864CC /* Debug */ = {
			isa = XCBuildConfiguration;
			buildSettings = {
				ASSETCATALOG_COMPILER_APPICON_NAME = AppIcon;
				CODE_SIGN_STYLE = Automatic;
				DEVELOPMENT_TEAM = 5LXRW43P69;
				INFOPLIST_FILE = twoButton/Info.plist;
				LD_RUNPATH_SEARCH_PATHS = (
					"$(inherited)",
					"@executable_path/Frameworks",
				);
				PRODUCT_BUNDLE_IDENTIFIER = Vanjo.twoButton;
				PRODUCT_NAME = "$(TARGET_NAME)";
				SWIFT_VERSION = 4.2;
				TARGETED_DEVICE_FAMILY = "1,2";
			};
			name = Debug;
		};
		AF00D06521B01BF5009864CC /* Release */ = {
			isa = XCBuildConfiguration;
			buildSettings = {
				ASSETCATALOG_COMPILER_APPICON_NAME = AppIcon;
				CODE_SIGN_STYLE = Automatic;
				DEVELOPMENT_TEAM = 5LXRW43P69;
				INFOPLIST_FILE = twoButton/Info.plist;
				LD_RUNPATH_SEARCH_PATHS = (
					"$(inherited)",
					"@executable_path/Frameworks",
				);
				PRODUCT_BUNDLE_IDENTIFIER = Vanjo.twoButton;
				PRODUCT_NAME = "$(TARGET_NAME)";
				SWIFT_VERSION = 4.2;
				TARGETED_DEVICE_FAMILY = "1,2";
			};
			name = Release;
		};
		AF00D06721B01BF5009864CC /* Debug */ = {
			isa = XCBuildConfiguration;
			buildSettings = {
				ALWAYS_EMBED_SWIFT_STANDARD_LIBRARIES = YES;
				BUNDLE_LOADER = "$(TEST_HOST)";
				CODE_SIGN_STYLE = Automatic;
				DEVELOPMENT_TEAM = 5LXRW43P69;
				INFOPLIST_FILE = twoButtonTests/Info.plist;
				LD_RUNPATH_SEARCH_PATHS = (
					"$(inherited)",
					"@executable_path/Frameworks",
					"@loader_path/Frameworks",
				);
				PRODUCT_BUNDLE_IDENTIFIER = Vanjo.twoButtonTests;
				PRODUCT_NAME = "$(TARGET_NAME)";
				SWIFT_VERSION = 4.2;
				TARGETED_DEVICE_FAMILY = "1,2";
				TEST_HOST = "$(BUILT_PRODUCTS_DIR)/twoButton.app/twoButton";
			};
			name = Debug;
		};
		AF00D06821B01BF5009864CC /* Release */ = {
			isa = XCBuildConfiguration;
			buildSettings = {
				ALWAYS_EMBED_SWIFT_STANDARD_LIBRARIES = YES;
				BUNDLE_LOADER = "$(TEST_HOST)";
				CODE_SIGN_STYLE = Automatic;
				DEVELOPMENT_TEAM = 5LXRW43P69;
				INFOPLIST_FILE = twoButtonTests/Info.plist;
				LD_RUNPATH_SEARCH_PATHS = (
					"$(inherited)",
					"@executable_path/Frameworks",
					"@loader_path/Frameworks",
				);
				PRODUCT_BUNDLE_IDENTIFIER = Vanjo.twoButtonTests;
				PRODUCT_NAME = "$(TARGET_NAME)";
				SWIFT_VERSION = 4.2;
				TARGETED_DEVICE_FAMILY = "1,2";
				TEST_HOST = "$(BUILT_PRODUCTS_DIR)/twoButton.app/twoButton";
			};
			name = Release;
		};
		AF00D06A21B01BF5009864CC /* Debug */ = {
			isa = XCBuildConfiguration;
			buildSettings = {
				ALWAYS_EMBED_SWIFT_STANDARD_LIBRARIES = YES;
				CODE_SIGN_STYLE = Automatic;
				DEVELOPMENT_TEAM = 5LXRW43P69;
				INFOPLIST_FILE = twoButtonUITests/Info.plist;
				LD_RUNPATH_SEARCH_PATHS = (
					"$(inherited)",
					"@executable_path/Frameworks",
					"@loader_path/Frameworks",
				);
				PRODUCT_BUNDLE_IDENTIFIER = Vanjo.twoButtonUITests;
				PRODUCT_NAME = "$(TARGET_NAME)";
				SWIFT_VERSION = 4.2;
				TARGETED_DEVICE_FAMILY = "1,2";
				TEST_TARGET_NAME = twoButton;
			};
			name = Debug;
		};
		AF00D06B21B01BF5009864CC /* Release */ = {
			isa = XCBuildConfiguration;
			buildSettings = {
				ALWAYS_EMBED_SWIFT_STANDARD_LIBRARIES = YES;
				CODE_SIGN_STYLE = Automatic;
				DEVELOPMENT_TEAM = 5LXRW43P69;
				INFOPLIST_FILE = twoButtonUITests/Info.plist;
				LD_RUNPATH_SEARCH_PATHS = (
					"$(inherited)",
					"@executable_path/Frameworks",
					"@loader_path/Frameworks",
				);
				PRODUCT_BUNDLE_IDENTIFIER = Vanjo.twoButtonUITests;
				PRODUCT_NAME = "$(TARGET_NAME)";
				SWIFT_VERSION = 4.2;
				TARGETED_DEVICE_FAMILY = "1,2";
				TEST_TARGET_NAME = twoButton;
			};
			name = Release;
		};
/* End XCBuildConfiguration section */

/* Begin XCConfigurationList section */
		AF00D03621B01BF2009864CC /* Build configuration list for PBXProject "twoButton" */ = {
			isa = XCConfigurationList;
			buildConfigurations = (
				AF00D06121B01BF5009864CC /* Debug */,
				AF00D06221B01BF5009864CC /* Release */,
			);
			defaultConfigurationIsVisible = 0;
			defaultConfigurationName = Release;
		};
		AF00D06321B01BF5009864CC /* Build configuration list for PBXNativeTarget "twoButton" */ = {
			isa = XCConfigurationList;
			buildConfigurations = (
				AF00D06421B01BF5009864CC /* Debug */,
				AF00D06521B01BF5009864CC /* Release */,
			);
			defaultConfigurationIsVisible = 0;
			defaultConfigurationName = Release;
		};
		AF00D06621B01BF5009864CC /* Build configuration list for PBXNativeTarget "twoButtonTests" */ = {
			isa = XCConfigurationList;
			buildConfigurations = (
				AF00D06721B01BF5009864CC /* Debug */,
				AF00D06821B01BF5009864CC /* Release */,
			);
			defaultConfigurationIsVisible = 0;
			defaultConfigurationName = Release;
		};
		AF00D06921B01BF5009864CC /* Build configuration list for PBXNativeTarget "twoButtonUITests" */ = {
			isa = XCConfigurationList;
			buildConfigurations = (
				AF00D06A21B01BF5009864CC /* Debug */,
				AF00D06B21B01BF5009864CC /* Release */,
			);
			defaultConfigurationIsVisible = 0;
			defaultConfigurationName = Release;
		};
/* End XCConfigurationList section */
	};
	rootObject = AF00D03321B01BF2009864CC /* Project object */;
}
