// !$*UTF8*$!
{
	archiveVersion = 1;
	classes = {
	};
	objectVersion = 50;
	objects = {

/* Begin PBXBuildFile section */
		AFF8CAE321AC5FF700629953 /* AppDelegate.swift in Sources */ = {isa = PBXBuildFile; fileRef = AFF8CAE221AC5FF700629953 /* AppDelegate.swift */; };
		AFF8CAE521AC5FF700629953 /* ViewController.swift in Sources */ = {isa = PBXBuildFile; fileRef = AFF8CAE421AC5FF700629953 /* ViewController.swift */; };
		AFF8CAE821AC5FF700629953 /* Main.storyboard in Resources */ = {isa = PBXBuildFile; fileRef = AFF8CAE621AC5FF700629953 /* Main.storyboard */; };
		AFF8CAEA21AC5FF900629953 /* Assets.xcassets in Resources */ = {isa = PBXBuildFile; fileRef = AFF8CAE921AC5FF900629953 /* Assets.xcassets */; };
		AFF8CAED21AC5FF900629953 /* LaunchScreen.storyboard in Resources */ = {isa = PBXBuildFile; fileRef = AFF8CAEB21AC5FF900629953 /* LaunchScreen.storyboard */; };
		AFF8CAF821AC5FF900629953 /* UIScrollTests.swift in Sources */ = {isa = PBXBuildFile; fileRef = AFF8CAF721AC5FF900629953 /* UIScrollTests.swift */; };
		AFF8CB0321AC5FF900629953 /* UIScrollUITests.swift in Sources */ = {isa = PBXBuildFile; fileRef = AFF8CB0221AC5FF900629953 /* UIScrollUITests.swift */; };
/* End PBXBuildFile section */

/* Begin PBXContainerItemProxy section */
		AFF8CAF421AC5FF900629953 /* PBXContainerItemProxy */ = {
			isa = PBXContainerItemProxy;
			containerPortal = AFF8CAD721AC5FF700629953 /* Project object */;
			proxyType = 1;
			remoteGlobalIDString = AFF8CADE21AC5FF700629953;
			remoteInfo = UIScroll;
		};
		AFF8CAFF21AC5FF900629953 /* PBXContainerItemProxy */ = {
			isa = PBXContainerItemProxy;
			containerPortal = AFF8CAD721AC5FF700629953 /* Project object */;
			proxyType = 1;
			remoteGlobalIDString = AFF8CADE21AC5FF700629953;
			remoteInfo = UIScroll;
		};
/* End PBXContainerItemProxy section */

/* Begin PBXFileReference section */
		AFF8CADF21AC5FF700629953 /* UIScroll.app */ = {isa = PBXFileReference; explicitFileType = wrapper.application; includeInIndex = 0; path = UIScroll.app; sourceTree = BUILT_PRODUCTS_DIR; };
		AFF8CAE221AC5FF700629953 /* AppDelegate.swift */ = {isa = PBXFileReference; lastKnownFileType = sourcecode.swift; path = AppDelegate.swift; sourceTree = "<group>"; };
		AFF8CAE421AC5FF700629953 /* ViewController.swift */ = {isa = PBXFileReference; lastKnownFileType = sourcecode.swift; path = ViewController.swift; sourceTree = "<group>"; };
		AFF8CAE721AC5FF700629953 /* Base */ = {isa = PBXFileReference; lastKnownFileType = file.storyboard; name = Base; path = Base.lproj/Main.storyboard; sourceTree = "<group>"; };
		AFF8CAE921AC5FF900629953 /* Assets.xcassets */ = {isa = PBXFileReference; lastKnownFileType = folder.assetcatalog; path = Assets.xcassets; sourceTree = "<group>"; };
		AFF8CAEC21AC5FF900629953 /* Base */ = {isa = PBXFileReference; lastKnownFileType = file.storyboard; name = Base; path = Base.lproj/LaunchScreen.storyboard; sourceTree = "<group>"; };
		AFF8CAEE21AC5FF900629953 /* Info.plist */ = {isa = PBXFileReference; lastKnownFileType = text.plist.xml; path = Info.plist; sourceTree = "<group>"; };
		AFF8CAF321AC5FF900629953 /* UIScrollTests.xctest */ = {isa = PBXFileReference; explicitFileType = wrapper.cfbundle; includeInIndex = 0; path = UIScrollTests.xctest; sourceTree = BUILT_PRODUCTS_DIR; };
		AFF8CAF721AC5FF900629953 /* UIScrollTests.swift */ = {isa = PBXFileReference; lastKnownFileType = sourcecode.swift; path = UIScrollTests.swift; sourceTree = "<group>"; };
		AFF8CAF921AC5FF900629953 /* Info.plist */ = {isa = PBXFileReference; lastKnownFileType = text.plist.xml; path = Info.plist; sourceTree = "<group>"; };
		AFF8CAFE21AC5FF900629953 /* UIScrollUITests.xctest */ = {isa = PBXFileReference; explicitFileType = wrapper.cfbundle; includeInIndex = 0; path = UIScrollUITests.xctest; sourceTree = BUILT_PRODUCTS_DIR; };
		AFF8CB0221AC5FF900629953 /* UIScrollUITests.swift */ = {isa = PBXFileReference; lastKnownFileType = sourcecode.swift; path = UIScrollUITests.swift; sourceTree = "<group>"; };
		AFF8CB0421AC5FF900629953 /* Info.plist */ = {isa = PBXFileReference; lastKnownFileType = text.plist.xml; path = Info.plist; sourceTree = "<group>"; };
/* End PBXFileReference section */

/* Begin PBXFrameworksBuildPhase section */
		AFF8CADC21AC5FF700629953 /* Frameworks */ = {
			isa = PBXFrameworksBuildPhase;
			buildActionMask = 2147483647;
			files = (
			);
			runOnlyForDeploymentPostprocessing = 0;
		};
		AFF8CAF021AC5FF900629953 /* Frameworks */ = {
			isa = PBXFrameworksBuildPhase;
			buildActionMask = 2147483647;
			files = (
			);
			runOnlyForDeploymentPostprocessing = 0;
		};
		AFF8CAFB21AC5FF900629953 /* Frameworks */ = {
			isa = PBXFrameworksBuildPhase;
			buildActionMask = 2147483647;
			files = (
			);
			runOnlyForDeploymentPostprocessing = 0;
		};
/* End PBXFrameworksBuildPhase section */

/* Begin PBXGroup section */
		AFF8CAD621AC5FF700629953 = {
			isa = PBXGroup;
			children = (
				AFF8CAE121AC5FF700629953 /* UIScroll */,
				AFF8CAF621AC5FF900629953 /* UIScrollTests */,
				AFF8CB0121AC5FF900629953 /* UIScrollUITests */,
				AFF8CAE021AC5FF700629953 /* Products */,
			);
			sourceTree = "<group>";
		};
		AFF8CAE021AC5FF700629953 /* Products */ = {
			isa = PBXGroup;
			children = (
				AFF8CADF21AC5FF700629953 /* UIScroll.app */,
				AFF8CAF321AC5FF900629953 /* UIScrollTests.xctest */,
				AFF8CAFE21AC5FF900629953 /* UIScrollUITests.xctest */,
			);
			name = Products;
			sourceTree = "<group>";
		};
		AFF8CAE121AC5FF700629953 /* UIScroll */ = {
			isa = PBXGroup;
			children = (
				AFF8CAE221AC5FF700629953 /* AppDelegate.swift */,
				AFF8CAE421AC5FF700629953 /* ViewController.swift */,
				AFF8CAE621AC5FF700629953 /* Main.storyboard */,
				AFF8CAE921AC5FF900629953 /* Assets.xcassets */,
				AFF8CAEB21AC5FF900629953 /* LaunchScreen.storyboard */,
				AFF8CAEE21AC5FF900629953 /* Info.plist */,
			);
			path = UIScroll;
			sourceTree = "<group>";
		};
		AFF8CAF621AC5FF900629953 /* UIScrollTests */ = {
			isa = PBXGroup;
			children = (
				AFF8CAF721AC5FF900629953 /* UIScrollTests.swift */,
				AFF8CAF921AC5FF900629953 /* Info.plist */,
			);
			path = UIScrollTests;
			sourceTree = "<group>";
		};
		AFF8CB0121AC5FF900629953 /* UIScrollUITests */ = {
			isa = PBXGroup;
			children = (
				AFF8CB0221AC5FF900629953 /* UIScrollUITests.swift */,
				AFF8CB0421AC5FF900629953 /* Info.plist */,
			);
			path = UIScrollUITests;
			sourceTree = "<group>";
		};
/* End PBXGroup section */

/* Begin PBXNativeTarget section */
		AFF8CADE21AC5FF700629953 /* UIScroll */ = {
			isa = PBXNativeTarget;
			buildConfigurationList = AFF8CB0721AC5FF900629953 /* Build configuration list for PBXNativeTarget "UIScroll" */;
			buildPhases = (
				AFF8CADB21AC5FF700629953 /* Sources */,
				AFF8CADC21AC5FF700629953 /* Frameworks */,
				AFF8CADD21AC5FF700629953 /* Resources */,
			);
			buildRules = (
			);
			dependencies = (
			);
			name = UIScroll;
			productName = UIScroll;
			productReference = AFF8CADF21AC5FF700629953 /* UIScroll.app */;
			productType = "com.apple.product-type.application";
		};
		AFF8CAF221AC5FF900629953 /* UIScrollTests */ = {
			isa = PBXNativeTarget;
			buildConfigurationList = AFF8CB0A21AC5FF900629953 /* Build configuration list for PBXNativeTarget "UIScrollTests" */;
			buildPhases = (
				AFF8CAEF21AC5FF900629953 /* Sources */,
				AFF8CAF021AC5FF900629953 /* Frameworks */,
				AFF8CAF121AC5FF900629953 /* Resources */,
			);
			buildRules = (
			);
			dependencies = (
				AFF8CAF521AC5FF900629953 /* PBXTargetDependency */,
			);
			name = UIScrollTests;
			productName = UIScrollTests;
			productReference = AFF8CAF321AC5FF900629953 /* UIScrollTests.xctest */;
			productType = "com.apple.product-type.bundle.unit-test";
		};
		AFF8CAFD21AC5FF900629953 /* UIScrollUITests */ = {
			isa = PBXNativeTarget;
			buildConfigurationList = AFF8CB0D21AC5FF900629953 /* Build configuration list for PBXNativeTarget "UIScrollUITests" */;
			buildPhases = (
				AFF8CAFA21AC5FF900629953 /* Sources */,
				AFF8CAFB21AC5FF900629953 /* Frameworks */,
				AFF8CAFC21AC5FF900629953 /* Resources */,
			);
			buildRules = (
			);
			dependencies = (
				AFF8CB0021AC5FF900629953 /* PBXTargetDependency */,
			);
			name = UIScrollUITests;
			productName = UIScrollUITests;
			productReference = AFF8CAFE21AC5FF900629953 /* UIScrollUITests.xctest */;
			productType = "com.apple.product-type.bundle.ui-testing";
		};
/* End PBXNativeTarget section */

/* Begin PBXProject section */
		AFF8CAD721AC5FF700629953 /* Project object */ = {
			isa = PBXProject;
			attributes = {
				LastSwiftUpdateCheck = 1010;
				LastUpgradeCheck = 1010;
				ORGANIZATIONNAME = Vanjo;
				TargetAttributes = {
					AFF8CADE21AC5FF700629953 = {
						CreatedOnToolsVersion = 10.1;
					};
					AFF8CAF221AC5FF900629953 = {
						CreatedOnToolsVersion = 10.1;
						TestTargetID = AFF8CADE21AC5FF700629953;
					};
					AFF8CAFD21AC5FF900629953 = {
						CreatedOnToolsVersion = 10.1;
						TestTargetID = AFF8CADE21AC5FF700629953;
					};
				};
			};
			buildConfigurationList = AFF8CADA21AC5FF700629953 /* Build configuration list for PBXProject "UIScroll" */;
			compatibilityVersion = "Xcode 9.3";
			developmentRegion = en;
			hasScannedForEncodings = 0;
			knownRegions = (
				en,
				Base,
			);
			mainGroup = AFF8CAD621AC5FF700629953;
			productRefGroup = AFF8CAE021AC5FF700629953 /* Products */;
			projectDirPath = "";
			projectRoot = "";
			targets = (
				AFF8CADE21AC5FF700629953 /* UIScroll */,
				AFF8CAF221AC5FF900629953 /* UIScrollTests */,
				AFF8CAFD21AC5FF900629953 /* UIScrollUITests */,
			);
		};
/* End PBXProject section */

/* Begin PBXResourcesBuildPhase section */
		AFF8CADD21AC5FF700629953 /* Resources */ = {
			isa = PBXResourcesBuildPhase;
			buildActionMask = 2147483647;
			files = (
				AFF8CAED21AC5FF900629953 /* LaunchScreen.storyboard in Resources */,
				AFF8CAEA21AC5FF900629953 /* Assets.xcassets in Resources */,
				AFF8CAE821AC5FF700629953 /* Main.storyboard in Resources */,
			);
			runOnlyForDeploymentPostprocessing = 0;
		};
		AFF8CAF121AC5FF900629953 /* Resources */ = {
			isa = PBXResourcesBuildPhase;
			buildActionMask = 2147483647;
			files = (
			);
			runOnlyForDeploymentPostprocessing = 0;
		};
		AFF8CAFC21AC5FF900629953 /* Resources */ = {
			isa = PBXResourcesBuildPhase;
			buildActionMask = 2147483647;
			files = (
			);
			runOnlyForDeploymentPostprocessing = 0;
		};
/* End PBXResourcesBuildPhase section */

/* Begin PBXSourcesBuildPhase section */
		AFF8CADB21AC5FF700629953 /* Sources */ = {
			isa = PBXSourcesBuildPhase;
			buildActionMask = 2147483647;
			files = (
				AFF8CAE521AC5FF700629953 /* ViewController.swift in Sources */,
				AFF8CAE321AC5FF700629953 /* AppDelegate.swift in Sources */,
			);
			runOnlyForDeploymentPostprocessing = 0;
		};
		AFF8CAEF21AC5FF900629953 /* Sources */ = {
			isa = PBXSourcesBuildPhase;
			buildActionMask = 2147483647;
			files = (
				AFF8CAF821AC5FF900629953 /* UIScrollTests.swift in Sources */,
			);
			runOnlyForDeploymentPostprocessing = 0;
		};
		AFF8CAFA21AC5FF900629953 /* Sources */ = {
			isa = PBXSourcesBuildPhase;
			buildActionMask = 2147483647;
			files = (
				AFF8CB0321AC5FF900629953 /* UIScrollUITests.swift in Sources */,
			);
			runOnlyForDeploymentPostprocessing = 0;
		};
/* End PBXSourcesBuildPhase section */

/* Begin PBXTargetDependency section */
		AFF8CAF521AC5FF900629953 /* PBXTargetDependency */ = {
			isa = PBXTargetDependency;
			target = AFF8CADE21AC5FF700629953 /* UIScroll */;
			targetProxy = AFF8CAF421AC5FF900629953 /* PBXContainerItemProxy */;
		};
		AFF8CB0021AC5FF900629953 /* PBXTargetDependency */ = {
			isa = PBXTargetDependency;
			target = AFF8CADE21AC5FF700629953 /* UIScroll */;
			targetProxy = AFF8CAFF21AC5FF900629953 /* PBXContainerItemProxy */;
		};
/* End PBXTargetDependency section */

/* Begin PBXVariantGroup section */
		AFF8CAE621AC5FF700629953 /* Main.storyboard */ = {
			isa = PBXVariantGroup;
			children = (
				AFF8CAE721AC5FF700629953 /* Base */,
			);
			name = Main.storyboard;
			sourceTree = "<group>";
		};
		AFF8CAEB21AC5FF900629953 /* LaunchScreen.storyboard */ = {
			isa = PBXVariantGroup;
			children = (
				AFF8CAEC21AC5FF900629953 /* Base */,
			);
			name = LaunchScreen.storyboard;
			sourceTree = "<group>";
		};
/* End PBXVariantGroup section */

/* Begin XCBuildConfiguration section */
		AFF8CB0521AC5FF900629953 /* Debug */ = {
			isa = XCBuildConfiguration;
			buildSettings = {
				ALWAYS_SEARCH_USER_PATHS = NO;
				CLANG_ANALYZER_NONNULL = YES;
				CLANG_ANALYZER_NUMBER_OBJECT_CONVERSION = YES_AGGRESSIVE;
				CLANG_CXX_LANGUAGE_STANDARD = "gnu++14";
				CLANG_CXX_LIBRARY = "libc++";
				CLANG_ENABLE_MODULES = YES;
				CLANG_ENABLE_OBJC_ARC = YES;
				CLANG_ENABLE_OBJC_WEAK = YES;
				CLANG_WARN_BLOCK_CAPTURE_AUTORELEASING = YES;
				CLANG_WARN_BOOL_CONVERSION = YES;
				CLANG_WARN_COMMA = YES;
				CLANG_WARN_CONSTANT_CONVERSION = YES;
				CLANG_WARN_DEPRECATED_OBJC_IMPLEMENTATIONS = YES;
				CLANG_WARN_DIRECT_OBJC_ISA_USAGE = YES_ERROR;
				CLANG_WARN_DOCUMENTATION_COMMENTS = YES;
				CLANG_WARN_EMPTY_BODY = YES;
				CLANG_WARN_ENUM_CONVERSION = YES;
				CLANG_WARN_INFINITE_RECURSION = YES;
				CLANG_WARN_INT_CONVERSION = YES;
				CLANG_WARN_NON_LITERAL_NULL_CONVERSION = YES;
				CLANG_WARN_OBJC_IMPLICIT_RETAIN_SELF = YES;
				CLANG_WARN_OBJC_LITERAL_CONVERSION = YES;
				CLANG_WARN_OBJC_ROOT_CLASS = YES_ERROR;
				CLANG_WARN_RANGE_LOOP_ANALYSIS = YES;
				CLANG_WARN_STRICT_PROTOTYPES = YES;
				CLANG_WARN_SUSPICIOUS_MOVE = YES;
				CLANG_WARN_UNGUARDED_AVAILABILITY = YES_AGGRESSIVE;
				CLANG_WARN_UNREACHABLE_CODE = YES;
				CLANG_WARN__DUPLICATE_METHOD_MATCH = YES;
				CODE_SIGN_IDENTITY = "iPhone Developer";
				COPY_PHASE_STRIP = NO;
				DEBUG_INFORMATION_FORMAT = dwarf;
				ENABLE_STRICT_OBJC_MSGSEND = YES;
				ENABLE_TESTABILITY = YES;
				GCC_C_LANGUAGE_STANDARD = gnu11;
				GCC_DYNAMIC_NO_PIC = NO;
				GCC_NO_COMMON_BLOCKS = YES;
				GCC_OPTIMIZATION_LEVEL = 0;
				GCC_PREPROCESSOR_DEFINITIONS = (
					"DEBUG=1",
					"$(inherited)",
				);
				GCC_WARN_64_TO_32_BIT_CONVERSION = YES;
				GCC_WARN_ABOUT_RETURN_TYPE = YES_ERROR;
				GCC_WARN_UNDECLARED_SELECTOR = YES;
				GCC_WARN_UNINITIALIZED_AUTOS = YES_AGGRESSIVE;
				GCC_WARN_UNUSED_FUNCTION = YES;
				GCC_WARN_UNUSED_VARIABLE = YES;
				IPHONEOS_DEPLOYMENT_TARGET = 12.1;
				MTL_ENABLE_DEBUG_INFO = INCLUDE_SOURCE;
				MTL_FAST_MATH = YES;
				ONLY_ACTIVE_ARCH = YES;
				SDKROOT = iphoneos;
				SWIFT_ACTIVE_COMPILATION_CONDITIONS = DEBUG;
				SWIFT_OPTIMIZATION_LEVEL = "-Onone";
			};
			name = Debug;
		};
		AFF8CB0621AC5FF900629953 /* Release */ = {
			isa = XCBuildConfiguration;
			buildSettings = {
				ALWAYS_SEARCH_USER_PATHS = NO;
				CLANG_ANALYZER_NONNULL = YES;
				CLANG_ANALYZER_NUMBER_OBJECT_CONVERSION = YES_AGGRESSIVE;
				CLANG_CXX_LANGUAGE_STANDARD = "gnu++14";
				CLANG_CXX_LIBRARY = "libc++";
				CLANG_ENABLE_MODULES = YES;
				CLANG_ENABLE_OBJC_ARC = YES;
				CLANG_ENABLE_OBJC_WEAK = YES;
				CLANG_WARN_BLOCK_CAPTURE_AUTORELEASING = YES;
				CLANG_WARN_BOOL_CONVERSION = YES;
				CLANG_WARN_COMMA = YES;
				CLANG_WARN_CONSTANT_CONVERSION = YES;
				CLANG_WARN_DEPRECATED_OBJC_IMPLEMENTATIONS = YES;
				CLANG_WARN_DIRECT_OBJC_ISA_USAGE = YES_ERROR;
				CLANG_WARN_DOCUMENTATION_COMMENTS = YES;
				CLANG_WARN_EMPTY_BODY = YES;
				CLANG_WARN_ENUM_CONVERSION = YES;
				CLANG_WARN_INFINITE_RECURSION = YES;
				CLANG_WARN_INT_CONVERSION = YES;
				CLANG_WARN_NON_LITERAL_NULL_CONVERSION = YES;
				CLANG_WARN_OBJC_IMPLICIT_RETAIN_SELF = YES;
				CLANG_WARN_OBJC_LITERAL_CONVERSION = YES;
				CLANG_WARN_OBJC_ROOT_CLASS = YES_ERROR;
				CLANG_WARN_RANGE_LOOP_ANALYSIS = YES;
				CLANG_WARN_STRICT_PROTOTYPES = YES;
				CLANG_WARN_SUSPICIOUS_MOVE = YES;
				CLANG_WARN_UNGUARDED_AVAILABILITY = YES_AGGRESSIVE;
				CLANG_WARN_UNREACHABLE_CODE = YES;
				CLANG_WARN__DUPLICATE_METHOD_MATCH = YES;
				CODE_SIGN_IDENTITY = "iPhone Developer";
				COPY_PHASE_STRIP = NO;
				DEBUG_INFORMATION_FORMAT = "dwarf-with-dsym";
				ENABLE_NS_ASSERTIONS = NO;
				ENABLE_STRICT_OBJC_MSGSEND = YES;
				GCC_C_LANGUAGE_STANDARD = gnu11;
				GCC_NO_COMMON_BLOCKS = YES;
				GCC_WARN_64_TO_32_BIT_CONVERSION = YES;
				GCC_WARN_ABOUT_RETURN_TYPE = YES_ERROR;
				GCC_WARN_UNDECLARED_SELECTOR = YES;
				GCC_WARN_UNINITIALIZED_AUTOS = YES_AGGRESSIVE;
				GCC_WARN_UNUSED_FUNCTION = YES;
				GCC_WARN_UNUSED_VARIABLE = YES;
				IPHONEOS_DEPLOYMENT_TARGET = 12.1;
				MTL_ENABLE_DEBUG_INFO = NO;
				MTL_FAST_MATH = YES;
				SDKROOT = iphoneos;
				SWIFT_COMPILATION_MODE = wholemodule;
				SWIFT_OPTIMIZATION_LEVEL = "-O";
				VALIDATE_PRODUCT = YES;
			};
			name = Release;
		};
		AFF8CB0821AC5FF900629953 /* Debug */ = {
			isa = XCBuildConfiguration;
			buildSettings = {
				ASSETCATALOG_COMPILER_APPICON_NAME = AppIcon;
				CODE_SIGN_STYLE = Automatic;
				DEVELOPMENT_TEAM = 779L93M27G;
				INFOPLIST_FILE = UIScroll/Info.plist;
				LD_RUNPATH_SEARCH_PATHS = (
					"$(inherited)",
					"@executable_path/Frameworks",
				);
				PRODUCT_BUNDLE_IDENTIFIER = Vanjo.UIScroll;
				PRODUCT_NAME = "$(TARGET_NAME)";
				SWIFT_VERSION = 4.2;
				TARGETED_DEVICE_FAMILY = "1,2";
			};
			name = Debug;
		};
		AFF8CB0921AC5FF900629953 /* Release */ = {
			isa = XCBuildConfiguration;
			buildSettings = {
				ASSETCATALOG_COMPILER_APPICON_NAME = AppIcon;
				CODE_SIGN_STYLE = Automatic;
				DEVELOPMENT_TEAM = 779L93M27G;
				INFOPLIST_FILE = UIScroll/Info.plist;
				LD_RUNPATH_SEARCH_PATHS = (
					"$(inherited)",
					"@executable_path/Frameworks",
				);
				PRODUCT_BUNDLE_IDENTIFIER = Vanjo.UIScroll;
				PRODUCT_NAME = "$(TARGET_NAME)";
				SWIFT_VERSION = 4.2;
				TARGETED_DEVICE_FAMILY = "1,2";
			};
			name = Release;
		};
		AFF8CB0B21AC5FF900629953 /* Debug */ = {
			isa = XCBuildConfiguration;
			buildSettings = {
				ALWAYS_EMBED_SWIFT_STANDARD_LIBRARIES = YES;
				BUNDLE_LOADER = "$(TEST_HOST)";
				CODE_SIGN_STYLE = Automatic;
				DEVELOPMENT_TEAM = 5LXRW43P69;
				INFOPLIST_FILE = UIScrollTests/Info.plist;
				LD_RUNPATH_SEARCH_PATHS = (
					"$(inherited)",
					"@executable_path/Frameworks",
					"@loader_path/Frameworks",
				);
				PRODUCT_BUNDLE_IDENTIFIER = Vanjo.UIScrollTests;
				PRODUCT_NAME = "$(TARGET_NAME)";
				SWIFT_VERSION = 4.2;
				TARGETED_DEVICE_FAMILY = "1,2";
				TEST_HOST = "$(BUILT_PRODUCTS_DIR)/UIScroll.app/UIScroll";
			};
			name = Debug;
		};
		AFF8CB0C21AC5FF900629953 /* Release */ = {
			isa = XCBuildConfiguration;
			buildSettings = {
				ALWAYS_EMBED_SWIFT_STANDARD_LIBRARIES = YES;
				BUNDLE_LOADER = "$(TEST_HOST)";
				CODE_SIGN_STYLE = Automatic;
				DEVELOPMENT_TEAM = 5LXRW43P69;
				INFOPLIST_FILE = UIScrollTests/Info.plist;
				LD_RUNPATH_SEARCH_PATHS = (
					"$(inherited)",
					"@executable_path/Frameworks",
					"@loader_path/Frameworks",
				);
				PRODUCT_BUNDLE_IDENTIFIER = Vanjo.UIScrollTests;
				PRODUCT_NAME = "$(TARGET_NAME)";
				SWIFT_VERSION = 4.2;
				TARGETED_DEVICE_FAMILY = "1,2";
				TEST_HOST = "$(BUILT_PRODUCTS_DIR)/UIScroll.app/UIScroll";
			};
			name = Release;
		};
		AFF8CB0E21AC5FF900629953 /* Debug */ = {
			isa = XCBuildConfiguration;
			buildSettings = {
				ALWAYS_EMBED_SWIFT_STANDARD_LIBRARIES = YES;
				CODE_SIGN_STYLE = Automatic;
				DEVELOPMENT_TEAM = 5LXRW43P69;
				INFOPLIST_FILE = UIScrollUITests/Info.plist;
				LD_RUNPATH_SEARCH_PATHS = (
					"$(inherited)",
					"@executable_path/Frameworks",
					"@loader_path/Frameworks",
				);
				PRODUCT_BUNDLE_IDENTIFIER = Vanjo.UIScrollUITests;
				PRODUCT_NAME = "$(TARGET_NAME)";
				SWIFT_VERSION = 4.2;
				TARGETED_DEVICE_FAMILY = "1,2";
				TEST_TARGET_NAME = UIScroll;
			};
			name = Debug;
		};
		AFF8CB0F21AC5FF900629953 /* Release */ = {
			isa = XCBuildConfiguration;
			buildSettings = {
				ALWAYS_EMBED_SWIFT_STANDARD_LIBRARIES = YES;
				CODE_SIGN_STYLE = Automatic;
				DEVELOPMENT_TEAM = 5LXRW43P69;
				INFOPLIST_FILE = UIScrollUITests/Info.plist;
				LD_RUNPATH_SEARCH_PATHS = (
					"$(inherited)",
					"@executable_path/Frameworks",
					"@loader_path/Frameworks",
				);
				PRODUCT_BUNDLE_IDENTIFIER = Vanjo.UIScrollUITests;
				PRODUCT_NAME = "$(TARGET_NAME)";
				SWIFT_VERSION = 4.2;
				TARGETED_DEVICE_FAMILY = "1,2";
				TEST_TARGET_NAME = UIScroll;
			};
			name = Release;
		};
/* End XCBuildConfiguration section */

/* Begin XCConfigurationList section */
		AFF8CADA21AC5FF700629953 /* Build configuration list for PBXProject "UIScroll" */ = {
			isa = XCConfigurationList;
			buildConfigurations = (
				AFF8CB0521AC5FF900629953 /* Debug */,
				AFF8CB0621AC5FF900629953 /* Release */,
			);
			defaultConfigurationIsVisible = 0;
			defaultConfigurationName = Release;
		};
		AFF8CB0721AC5FF900629953 /* Build configuration list for PBXNativeTarget "UIScroll" */ = {
			isa = XCConfigurationList;
			buildConfigurations = (
				AFF8CB0821AC5FF900629953 /* Debug */,
				AFF8CB0921AC5FF900629953 /* Release */,
			);
			defaultConfigurationIsVisible = 0;
			defaultConfigurationName = Release;
		};
		AFF8CB0A21AC5FF900629953 /* Build configuration list for PBXNativeTarget "UIScrollTests" */ = {
			isa = XCConfigurationList;
			buildConfigurations = (
				AFF8CB0B21AC5FF900629953 /* Debug */,
				AFF8CB0C21AC5FF900629953 /* Release */,
			);
			defaultConfigurationIsVisible = 0;
			defaultConfigurationName = Release;
		};
		AFF8CB0D21AC5FF900629953 /* Build configuration list for PBXNativeTarget "UIScrollUITests" */ = {
			isa = XCConfigurationList;
			buildConfigurations = (
				AFF8CB0E21AC5FF900629953 /* Debug */,
				AFF8CB0F21AC5FF900629953 /* Release */,
			);
			defaultConfigurationIsVisible = 0;
			defaultConfigurationName = Release;
		};
/* End XCConfigurationList section */
	};
	rootObject = AFF8CAD721AC5FF700629953 /* Project object */;
}
