// !$*UTF8*$!
{
	archiveVersion = 1;
	classes = {
	};
	objectVersion = 51;
	objects = {

/* Begin PBXBuildFile section */
		4518F044230C4DFA0044DF99 /* ProgressHUD.m in Sources */ = {isa = PBXBuildFile; fileRef = 4518F042230C4DF90044DF99 /* ProgressHUD.m */; };
		4518F045230C4DFA0044DF99 /* ProgressHUD.bundle in Resources */ = {isa = PBXBuildFile; fileRef = 4518F043230C4DFA0044DF99 /* ProgressHUD.bundle */; };
		455023A323075924002A8672 /* AppDelegate.swift in Sources */ = {isa = PBXBuildFile; fileRef = 455023A223075924002A8672 /* AppDelegate.swift */; };
		455023A523075924002A8672 /* SceneDelegate.swift in Sources */ = {isa = PBXBuildFile; fileRef = 455023A423075924002A8672 /* SceneDelegate.swift */; };
		455023A723075924002A8672 /* ViewController.swift in Sources */ = {isa = PBXBuildFile; fileRef = 455023A623075924002A8672 /* ViewController.swift */; };
		455023AA23075924002A8672 /* Main.storyboard in Resources */ = {isa = PBXBuildFile; fileRef = 455023A823075924002A8672 /* Main.storyboard */; };
		455023AC23075925002A8672 /* Assets.xcassets in Resources */ = {isa = PBXBuildFile; fileRef = 455023AB23075925002A8672 /* Assets.xcassets */; };
		455023AF23075925002A8672 /* LaunchScreen.storyboard in Resources */ = {isa = PBXBuildFile; fileRef = 455023AD23075925002A8672 /* LaunchScreen.storyboard */; };
		455023BB23083D12002A8672 /* DataSourcee.xcdatamodeld in Sources */ = {isa = PBXBuildFile; fileRef = 455023B923083D12002A8672 /* DataSourcee.xcdatamodeld */; };
		455023C2230842A6002A8672 /* Profile+CoreDataClass.swift in Sources */ = {isa = PBXBuildFile; fileRef = 455023C0230842A6002A8672 /* Profile+CoreDataClass.swift */; };
		455023C3230842A6002A8672 /* Profile+CoreDataProperties.swift in Sources */ = {isa = PBXBuildFile; fileRef = 455023C1230842A6002A8672 /* Profile+CoreDataProperties.swift */; };
		45C7DB16230979FC00CD4A3D /* MyApplication.swift in Sources */ = {isa = PBXBuildFile; fileRef = 45C7DB15230979FC00CD4A3D /* MyApplication.swift */; };
		45C7DB1823097A4000CD4A3D /* main.swift in Sources */ = {isa = PBXBuildFile; fileRef = 45C7DB1723097A4000CD4A3D /* main.swift */; };
		FB89C816E968CE95EA15A227 /* Pods_DataSourcee.framework in Frameworks */ = {isa = PBXBuildFile; fileRef = FCEEC0B4853621361F1CA107 /* Pods_DataSourcee.framework */; };
/* End PBXBuildFile section */

/* Begin PBXFileReference section */
		19B87FC4F3A3FEDCBB7CE81A /* Pods-DataSourcee.release.xcconfig */ = {isa = PBXFileReference; includeInIndex = 1; lastKnownFileType = text.xcconfig; name = "Pods-DataSourcee.release.xcconfig"; path = "Target Support Files/Pods-DataSourcee/Pods-DataSourcee.release.xcconfig"; sourceTree = "<group>"; };
		4518F040230C4DF80044DF99 /* DataSourcee-Bridging-Header.h */ = {isa = PBXFileReference; lastKnownFileType = sourcecode.c.h; path = "DataSourcee-Bridging-Header.h"; sourceTree = "<group>"; };
		4518F041230C4DF90044DF99 /* ProgressHUD.h */ = {isa = PBXFileReference; fileEncoding = 4; lastKnownFileType = sourcecode.c.h; path = ProgressHUD.h; sourceTree = "<group>"; };
		4518F042230C4DF90044DF99 /* ProgressHUD.m */ = {isa = PBXFileReference; fileEncoding = 4; lastKnownFileType = sourcecode.c.objc; path = ProgressHUD.m; sourceTree = "<group>"; };
		4518F043230C4DFA0044DF99 /* ProgressHUD.bundle */ = {isa = PBXFileReference; lastKnownFileType = "wrapper.plug-in"; path = ProgressHUD.bundle; sourceTree = "<group>"; };
		4518F046230C50010044DF99 /* Info.plist */ = {isa = PBXFileReference; lastKnownFileType = text.plist.xml; path = Info.plist; sourceTree = "<group>"; };
		4550239F23075924002A8672 /* DataSourcee.app */ = {isa = PBXFileReference; explicitFileType = wrapper.application; includeInIndex = 0; path = DataSourcee.app; sourceTree = BUILT_PRODUCTS_DIR; };
		455023A223075924002A8672 /* AppDelegate.swift */ = {isa = PBXFileReference; lastKnownFileType = sourcecode.swift; path = AppDelegate.swift; sourceTree = "<group>"; };
		455023A423075924002A8672 /* SceneDelegate.swift */ = {isa = PBXFileReference; lastKnownFileType = sourcecode.swift; path = SceneDelegate.swift; sourceTree = "<group>"; };
		455023A623075924002A8672 /* ViewController.swift */ = {isa = PBXFileReference; lastKnownFileType = sourcecode.swift; path = ViewController.swift; sourceTree = "<group>"; };
		455023A923075924002A8672 /* Base */ = {isa = PBXFileReference; lastKnownFileType = file.storyboard; name = Base; path = Base.lproj/Main.storyboard; sourceTree = "<group>"; };
		455023AB23075925002A8672 /* Assets.xcassets */ = {isa = PBXFileReference; lastKnownFileType = folder.assetcatalog; path = Assets.xcassets; sourceTree = "<group>"; };
		455023AE23075925002A8672 /* Base */ = {isa = PBXFileReference; lastKnownFileType = file.storyboard; name = Base; path = Base.lproj/LaunchScreen.storyboard; sourceTree = "<group>"; };
		455023BA23083D12002A8672 /* DataSourcee.xcdatamodel */ = {isa = PBXFileReference; lastKnownFileType = wrapper.xcdatamodel; path = DataSourcee.xcdatamodel; sourceTree = "<group>"; };
		455023C0230842A6002A8672 /* Profile+CoreDataClass.swift */ = {isa = PBXFileReference; lastKnownFileType = sourcecode.swift; path = "Profile+CoreDataClass.swift"; sourceTree = "<group>"; };
		455023C1230842A6002A8672 /* Profile+CoreDataProperties.swift */ = {isa = PBXFileReference; lastKnownFileType = sourcecode.swift; path = "Profile+CoreDataProperties.swift"; sourceTree = "<group>"; };
		45C7DB15230979FC00CD4A3D /* MyApplication.swift */ = {isa = PBXFileReference; lastKnownFileType = sourcecode.swift; path = MyApplication.swift; sourceTree = "<group>"; };
		45C7DB1723097A4000CD4A3D /* main.swift */ = {isa = PBXFileReference; lastKnownFileType = sourcecode.swift; path = main.swift; sourceTree = "<group>"; };
		9EAAED33C1833739F4D60404 /* Pods-DataSourcee.debug.xcconfig */ = {isa = PBXFileReference; includeInIndex = 1; lastKnownFileType = text.xcconfig; name = "Pods-DataSourcee.debug.xcconfig"; path = "Target Support Files/Pods-DataSourcee/Pods-DataSourcee.debug.xcconfig"; sourceTree = "<group>"; };
		FCEEC0B4853621361F1CA107 /* Pods_DataSourcee.framework */ = {isa = PBXFileReference; explicitFileType = wrapper.framework; includeInIndex = 0; path = Pods_DataSourcee.framework; sourceTree = BUILT_PRODUCTS_DIR; };
/* End PBXFileReference section */

/* Begin PBXFrameworksBuildPhase section */
		4550239C23075924002A8672 /* Frameworks */ = {
			isa = PBXFrameworksBuildPhase;
			buildActionMask = 2147483647;
			files = (
				FB89C816E968CE95EA15A227 /* Pods_DataSourcee.framework in Frameworks */,
			);
			runOnlyForDeploymentPostprocessing = 0;
		};
/* End PBXFrameworksBuildPhase section */

/* Begin PBXGroup section */
		4518F03F230C4DAC0044DF99 /* Supporting */ = {
			isa = PBXGroup;
			children = (
				4518F043230C4DFA0044DF99 /* ProgressHUD.bundle */,
				4518F041230C4DF90044DF99 /* ProgressHUD.h */,
				4518F042230C4DF90044DF99 /* ProgressHUD.m */,
				455023AD23075925002A8672 /* LaunchScreen.storyboard */,
				4518F040230C4DF80044DF99 /* DataSourcee-Bridging-Header.h */,
				4518F046230C50010044DF99 /* Info.plist */,
			);
			path = Supporting;
			sourceTree = "<group>";
		};
		4550239623075924002A8672 = {
			isa = PBXGroup;
			children = (
				455023A123075924002A8672 /* DataSourcee */,
				455023A023075924002A8672 /* Products */,
				7D659675867EFCA826A0F954 /* Pods */,
				AFC5649D4E40A40463564E74 /* Frameworks */,
			);
			sourceTree = "<group>";
		};
		455023A023075924002A8672 /* Products */ = {
			isa = PBXGroup;
			children = (
				4550239F23075924002A8672 /* DataSourcee.app */,
			);
			name = Products;
			sourceTree = "<group>";
		};
		455023A123075924002A8672 /* DataSourcee */ = {
			isa = PBXGroup;
			children = (
				455023C0230842A6002A8672 /* Profile+CoreDataClass.swift */,
				455023C1230842A6002A8672 /* Profile+CoreDataProperties.swift */,
				455023A223075924002A8672 /* AppDelegate.swift */,
				45C7DB15230979FC00CD4A3D /* MyApplication.swift */,
				45C7DB1723097A4000CD4A3D /* main.swift */,
				455023A423075924002A8672 /* SceneDelegate.swift */,
				455023A623075924002A8672 /* ViewController.swift */,
				455023A823075924002A8672 /* Main.storyboard */,
				455023AB23075925002A8672 /* Assets.xcassets */,
				4518F03F230C4DAC0044DF99 /* Supporting */,
				455023B923083D12002A8672 /* DataSourcee.xcdatamodeld */,
			);
			path = DataSourcee;
			sourceTree = "<group>";
		};
		7D659675867EFCA826A0F954 /* Pods */ = {
			isa = PBXGroup;
			children = (
				9EAAED33C1833739F4D60404 /* Pods-DataSourcee.debug.xcconfig */,
				19B87FC4F3A3FEDCBB7CE81A /* Pods-DataSourcee.release.xcconfig */,
			);
			path = Pods;
			sourceTree = "<group>";
		};
		AFC5649D4E40A40463564E74 /* Frameworks */ = {
			isa = PBXGroup;
			children = (
				FCEEC0B4853621361F1CA107 /* Pods_DataSourcee.framework */,
			);
			name = Frameworks;
			sourceTree = "<group>";
		};
/* End PBXGroup section */

/* Begin PBXNativeTarget section */
		4550239E23075924002A8672 /* DataSourcee */ = {
			isa = PBXNativeTarget;
			buildConfigurationList = 455023B323075925002A8672 /* Build configuration list for PBXNativeTarget "DataSourcee" */;
			buildPhases = (
				7C21F09B69D8105920D47D64 /* [CP] Check Pods Manifest.lock */,
				4550239B23075924002A8672 /* Sources */,
				4550239C23075924002A8672 /* Frameworks */,
				4550239D23075924002A8672 /* Resources */,
				099AC1D9BEC02606F030E7D9 /* [CP] Embed Pods Frameworks */,
			);
			buildRules = (
			);
			dependencies = (
			);
			name = DataSourcee;
			productName = DataSourcee;
			productReference = 4550239F23075924002A8672 /* DataSourcee.app */;
			productType = "com.apple.product-type.application";
		};
/* End PBXNativeTarget section */

/* Begin PBXProject section */
		4550239723075924002A8672 /* Project object */ = {
			isa = PBXProject;
			attributes = {
				LastSwiftUpdateCheck = 1100;
				LastUpgradeCheck = 1100;
				ORGANIZATIONNAME = IvanLyuhtikov;
				TargetAttributes = {
					4550239E23075924002A8672 = {
						CreatedOnToolsVersion = 11.0;
						LastSwiftMigration = 1100;
					};
				};
			};
			buildConfigurationList = 4550239A23075924002A8672 /* Build configuration list for PBXProject "DataSourcee" */;
			compatibilityVersion = "Xcode 9.3";
			developmentRegion = en;
			hasScannedForEncodings = 0;
			knownRegions = (
				en,
				Base,
			);
			mainGroup = 4550239623075924002A8672;
			productRefGroup = 455023A023075924002A8672 /* Products */;
			projectDirPath = "";
			projectRoot = "";
			targets = (
				4550239E23075924002A8672 /* DataSourcee */,
			);
		};
/* End PBXProject section */

/* Begin PBXResourcesBuildPhase section */
		4550239D23075924002A8672 /* Resources */ = {
			isa = PBXResourcesBuildPhase;
			buildActionMask = 2147483647;
			files = (
				4518F045230C4DFA0044DF99 /* ProgressHUD.bundle in Resources */,
				455023AF23075925002A8672 /* LaunchScreen.storyboard in Resources */,
				455023AC23075925002A8672 /* Assets.xcassets in Resources */,
				455023AA23075924002A8672 /* Main.storyboard in Resources */,
			);
			runOnlyForDeploymentPostprocessing = 0;
		};
/* End PBXResourcesBuildPhase section */

/* Begin PBXShellScriptBuildPhase section */
		099AC1D9BEC02606F030E7D9 /* [CP] Embed Pods Frameworks */ = {
			isa = PBXShellScriptBuildPhase;
			buildActionMask = 2147483647;
			files = (
			);
			inputFileListPaths = (
				"${PODS_ROOT}/Target Support Files/Pods-DataSourcee/Pods-DataSourcee-frameworks-${CONFIGURATION}-input-files.xcfilelist",
			);
			name = "[CP] Embed Pods Frameworks";
			outputFileListPaths = (
				"${PODS_ROOT}/Target Support Files/Pods-DataSourcee/Pods-DataSourcee-frameworks-${CONFIGURATION}-output-files.xcfilelist",
			);
			runOnlyForDeploymentPostprocessing = 0;
			shellPath = /bin/sh;
			shellScript = "\"${PODS_ROOT}/Target Support Files/Pods-DataSourcee/Pods-DataSourcee-frameworks.sh\"\n";
			showEnvVarsInLog = 0;
		};
		7C21F09B69D8105920D47D64 /* [CP] Check Pods Manifest.lock */ = {
			isa = PBXShellScriptBuildPhase;
			buildActionMask = 2147483647;
			files = (
			);
			inputFileListPaths = (
			);
			inputPaths = (
				"${PODS_PODFILE_DIR_PATH}/Podfile.lock",
				"${PODS_ROOT}/Manifest.lock",
			);
			name = "[CP] Check Pods Manifest.lock";
			outputFileListPaths = (
			);
			outputPaths = (
				"$(DERIVED_FILE_DIR)/Pods-DataSourcee-checkManifestLockResult.txt",
			);
			runOnlyForDeploymentPostprocessing = 0;
			shellPath = /bin/sh;
			shellScript = "diff \"${PODS_PODFILE_DIR_PATH}/Podfile.lock\" \"${PODS_ROOT}/Manifest.lock\" > /dev/null\nif [ $? != 0 ] ; then\n    # print error to STDERR\n    echo \"error: The sandbox is not in sync with the Podfile.lock. Run 'pod install' or update your CocoaPods installation.\" >&2\n    exit 1\nfi\n# This output is used by Xcode 'outputs' to avoid re-running this script phase.\necho \"SUCCESS\" > \"${SCRIPT_OUTPUT_FILE_0}\"\n";
			showEnvVarsInLog = 0;
		};
/* End PBXShellScriptBuildPhase section */

/* Begin PBXSourcesBuildPhase section */
		4550239B23075924002A8672 /* Sources */ = {
			isa = PBXSourcesBuildPhase;
			buildActionMask = 2147483647;
			files = (
				4518F044230C4DFA0044DF99 /* ProgressHUD.m in Sources */,
				45C7DB16230979FC00CD4A3D /* MyApplication.swift in Sources */,
				455023BB23083D12002A8672 /* DataSourcee.xcdatamodeld in Sources */,
				45C7DB1823097A4000CD4A3D /* main.swift in Sources */,
				455023C2230842A6002A8672 /* Profile+CoreDataClass.swift in Sources */,
				455023A723075924002A8672 /* ViewController.swift in Sources */,
				455023A323075924002A8672 /* AppDelegate.swift in Sources */,
				455023C3230842A6002A8672 /* Profile+CoreDataProperties.swift in Sources */,
				455023A523075924002A8672 /* SceneDelegate.swift in Sources */,
			);
			runOnlyForDeploymentPostprocessing = 0;
		};
/* End PBXSourcesBuildPhase section */

/* Begin PBXVariantGroup section */
		455023A823075924002A8672 /* Main.storyboard */ = {
			isa = PBXVariantGroup;
			children = (
				455023A923075924002A8672 /* Base */,
			);
			name = Main.storyboard;
			sourceTree = "<group>";
		};
		455023AD23075925002A8672 /* LaunchScreen.storyboard */ = {
			isa = PBXVariantGroup;
			children = (
				455023AE23075925002A8672 /* Base */,
			);
			name = LaunchScreen.storyboard;
			sourceTree = "<group>";
		};
/* End PBXVariantGroup section */

/* Begin XCBuildConfiguration section */
		455023B123075925002A8672 /* Debug */ = {
			isa = XCBuildConfiguration;
			buildSettings = {
				ALWAYS_SEARCH_USER_PATHS = NO;
				CLANG_ANALYZER_NONNULL = YES;
				CLANG_ANALYZER_NUMBER_OBJECT_CONVERSION = YES_AGGRESSIVE;
				CLANG_CXX_LANGUAGE_STANDARD = "gnu++14";
				CLANG_CXX_LIBRARY = "libc++";
				CLANG_ENABLE_MODULES = YES;
				CLANG_ENABLE_OBJC_ARC = YES;
				CLANG_ENABLE_OBJC_WEAK = YES;
				CLANG_WARN_BLOCK_CAPTURE_AUTORELEASING = YES;
				CLANG_WARN_BOOL_CONVERSION = YES;
				CLANG_WARN_COMMA = YES;
				CLANG_WARN_CONSTANT_CONVERSION = YES;
				CLANG_WARN_DEPRECATED_OBJC_IMPLEMENTATIONS = YES;
				CLANG_WARN_DIRECT_OBJC_ISA_USAGE = YES_ERROR;
				CLANG_WARN_DOCUMENTATION_COMMENTS = YES;
				CLANG_WARN_EMPTY_BODY = YES;
				CLANG_WARN_ENUM_CONVERSION = YES;
				CLANG_WARN_INFINITE_RECURSION = YES;
				CLANG_WARN_INT_CONVERSION = YES;
				CLANG_WARN_NON_LITERAL_NULL_CONVERSION = YES;
				CLANG_WARN_OBJC_IMPLICIT_RETAIN_SELF = YES;
				CLANG_WARN_OBJC_LITERAL_CONVERSION = YES;
				CLANG_WARN_OBJC_ROOT_CLASS = YES_ERROR;
				CLANG_WARN_RANGE_LOOP_ANALYSIS = YES;
				CLANG_WARN_STRICT_PROTOTYPES = YES;
				CLANG_WARN_SUSPICIOUS_MOVE = YES;
				CLANG_WARN_UNGUARDED_AVAILABILITY = YES_AGGRESSIVE;
				CLANG_WARN_UNREACHABLE_CODE = YES;
				CLANG_WARN__DUPLICATE_METHOD_MATCH = YES;
				COPY_PHASE_STRIP = NO;
				DEBUG_INFORMATION_FORMAT = dwarf;
				ENABLE_STRICT_OBJC_MSGSEND = YES;
				ENABLE_TESTABILITY = YES;
				GCC_C_LANGUAGE_STANDARD = gnu11;
				GCC_DYNAMIC_NO_PIC = NO;
				GCC_NO_COMMON_BLOCKS = YES;
				GCC_OPTIMIZATION_LEVEL = 0;
				GCC_PREPROCESSOR_DEFINITIONS = (
					"DEBUG=1",
					"$(inherited)",
				);
				GCC_WARN_64_TO_32_BIT_CONVERSION = YES;
				GCC_WARN_ABOUT_RETURN_TYPE = YES_ERROR;
				GCC_WARN_UNDECLARED_SELECTOR = YES;
				GCC_WARN_UNINITIALIZED_AUTOS = YES_AGGRESSIVE;
				GCC_WARN_UNUSED_FUNCTION = YES;
				GCC_WARN_UNUSED_VARIABLE = YES;
				IPHONEOS_DEPLOYMENT_TARGET = 13.0;
				MTL_ENABLE_DEBUG_INFO = INCLUDE_SOURCE;
				MTL_FAST_MATH = YES;
				ONLY_ACTIVE_ARCH = YES;
				SDKROOT = iphoneos;
				SWIFT_ACTIVE_COMPILATION_CONDITIONS = DEBUG;
				SWIFT_OPTIMIZATION_LEVEL = "-Onone";
			};
			name = Debug;
		};
		455023B223075925002A8672 /* Release */ = {
			isa = XCBuildConfiguration;
			buildSettings = {
				ALWAYS_SEARCH_USER_PATHS = NO;
				CLANG_ANALYZER_NONNULL = YES;
				CLANG_ANALYZER_NUMBER_OBJECT_CONVERSION = YES_AGGRESSIVE;
				CLANG_CXX_LANGUAGE_STANDARD = "gnu++14";
				CLANG_CXX_LIBRARY = "libc++";
				CLANG_ENABLE_MODULES = YES;
				CLANG_ENABLE_OBJC_ARC = YES;
				CLANG_ENABLE_OBJC_WEAK = YES;
				CLANG_WARN_BLOCK_CAPTURE_AUTORELEASING = YES;
				CLANG_WARN_BOOL_CONVERSION = YES;
				CLANG_WARN_COMMA = YES;
				CLANG_WARN_CONSTANT_CONVERSION = YES;
				CLANG_WARN_DEPRECATED_OBJC_IMPLEMENTATIONS = YES;
				CLANG_WARN_DIRECT_OBJC_ISA_USAGE = YES_ERROR;
				CLANG_WARN_DOCUMENTATION_COMMENTS = YES;
				CLANG_WARN_EMPTY_BODY = YES;
				CLANG_WARN_ENUM_CONVERSION = YES;
				CLANG_WARN_INFINITE_RECURSION = YES;
				CLANG_WARN_INT_CONVERSION = YES;
				CLANG_WARN_NON_LITERAL_NULL_CONVERSION = YES;
				CLANG_WARN_OBJC_IMPLICIT_RETAIN_SELF = YES;
				CLANG_WARN_OBJC_LITERAL_CONVERSION = YES;
				CLANG_WARN_OBJC_ROOT_CLASS = YES_ERROR;
				CLANG_WARN_RANGE_LOOP_ANALYSIS = YES;
				CLANG_WARN_STRICT_PROTOTYPES = YES;
				CLANG_WARN_SUSPICIOUS_MOVE = YES;
				CLANG_WARN_UNGUARDED_AVAILABILITY = YES_AGGRESSIVE;
				CLANG_WARN_UNREACHABLE_CODE = YES;
				CLANG_WARN__DUPLICATE_METHOD_MATCH = YES;
				COPY_PHASE_STRIP = NO;
				DEBUG_INFORMATION_FORMAT = "dwarf-with-dsym";
				ENABLE_NS_ASSERTIONS = NO;
				ENABLE_STRICT_OBJC_MSGSEND = YES;
				GCC_C_LANGUAGE_STANDARD = gnu11;
				GCC_NO_COMMON_BLOCKS = YES;
				GCC_WARN_64_TO_32_BIT_CONVERSION = YES;
				GCC_WARN_ABOUT_RETURN_TYPE = YES_ERROR;
				GCC_WARN_UNDECLARED_SELECTOR = YES;
				GCC_WARN_UNINITIALIZED_AUTOS = YES_AGGRESSIVE;
				GCC_WARN_UNUSED_FUNCTION = YES;
				GCC_WARN_UNUSED_VARIABLE = YES;
				IPHONEOS_DEPLOYMENT_TARGET = 13.0;
				MTL_ENABLE_DEBUG_INFO = NO;
				MTL_FAST_MATH = YES;
				SDKROOT = iphoneos;
				SWIFT_COMPILATION_MODE = wholemodule;
				SWIFT_OPTIMIZATION_LEVEL = "-O";
				VALIDATE_PRODUCT = YES;
			};
			name = Release;
		};
		455023B423075925002A8672 /* Debug */ = {
			isa = XCBuildConfiguration;
			baseConfigurationReference = 9EAAED33C1833739F4D60404 /* Pods-DataSourcee.debug.xcconfig */;
			buildSettings = {
				ASSETCATALOG_COMPILER_APPICON_NAME = AppIcon;
				CLANG_ENABLE_MODULES = YES;
				CODE_SIGN_STYLE = Automatic;
				INFOPLIST_FILE = DataSourcee/Supporting/Info.plist;
				LD_RUNPATH_SEARCH_PATHS = (
					"$(inherited)",
					"@executable_path/Frameworks",
				);
				PRODUCT_BUNDLE_IDENTIFIER = com.vanjo.DataSourcee;
				PRODUCT_NAME = "$(TARGET_NAME)";
				SWIFT_OBJC_BRIDGING_HEADER = "DataSourcee/Supporting/DataSourcee-Bridging-Header.h";
				SWIFT_OPTIMIZATION_LEVEL = "-Onone";
				SWIFT_VERSION = 5.0;
				TARGETED_DEVICE_FAMILY = "1,2";
			};
			name = Debug;
		};
		455023B523075925002A8672 /* Release */ = {
			isa = XCBuildConfiguration;
			baseConfigurationReference = 19B87FC4F3A3FEDCBB7CE81A /* Pods-DataSourcee.release.xcconfig */;
			buildSettings = {
				ASSETCATALOG_COMPILER_APPICON_NAME = AppIcon;
				CLANG_ENABLE_MODULES = YES;
				CODE_SIGN_STYLE = Automatic;
				INFOPLIST_FILE = DataSourcee/Supporting/Info.plist;
				LD_RUNPATH_SEARCH_PATHS = (
					"$(inherited)",
					"@executable_path/Frameworks",
				);
				PRODUCT_BUNDLE_IDENTIFIER = com.vanjo.DataSourcee;
				PRODUCT_NAME = "$(TARGET_NAME)";
				SWIFT_OBJC_BRIDGING_HEADER = "DataSourcee/Supporting/DataSourcee-Bridging-Header.h";
				SWIFT_VERSION = 5.0;
				TARGETED_DEVICE_FAMILY = "1,2";
			};
			name = Release;
		};
/* End XCBuildConfiguration section */

/* Begin XCConfigurationList section */
		4550239A23075924002A8672 /* Build configuration list for PBXProject "DataSourcee" */ = {
			isa = XCConfigurationList;
			buildConfigurations = (
				455023B123075925002A8672 /* Debug */,
				455023B223075925002A8672 /* Release */,
			);
			defaultConfigurationIsVisible = 0;
			defaultConfigurationName = Release;
		};
		455023B323075925002A8672 /* Build configuration list for PBXNativeTarget "DataSourcee" */ = {
			isa = XCConfigurationList;
			buildConfigurations = (
				455023B423075925002A8672 /* Debug */,
				455023B523075925002A8672 /* Release */,
			);
			defaultConfigurationIsVisible = 0;
			defaultConfigurationName = Release;
		};
/* End XCConfigurationList section */

/* Begin XCVersionGroup section */
		455023B923083D12002A8672 /* DataSourcee.xcdatamodeld */ = {
			isa = XCVersionGroup;
			children = (
				455023BA23083D12002A8672 /* DataSourcee.xcdatamodel */,
			);
			currentVersion = 455023BA23083D12002A8672 /* DataSourcee.xcdatamodel */;
			path = DataSourcee.xcdatamodeld;
			sourceTree = "<group>";
			versionGroupType = wrapper.xcdatamodel;
		};
/* End XCVersionGroup section */
	};
	rootObject = 4550239723075924002A8672 /* Project object */;
}
