// !$*UTF8*$!
{
	archiveVersion = 1;
	classes = {
	};
	objectVersion = 50;
	objects = {

/* Begin PBXBuildFile section */
		AF00D09F21B1D041009864CC /* AppDelegate.swift in Sources */ = {isa = PBXBuildFile; fileRef = AF00D09E21B1D041009864CC /* AppDelegate.swift */; };
		AF00D0A121B1D041009864CC /* ViewController.swift in Sources */ = {isa = PBXBuildFile; fileRef = AF00D0A021B1D041009864CC /* ViewController.swift */; };
		AF00D0A421B1D041009864CC /* Main.storyboard in Resources */ = {isa = PBXBuildFile; fileRef = AF00D0A221B1D041009864CC /* Main.storyboard */; };
		AF00D0A621B1D042009864CC /* Assets.xcassets in Resources */ = {isa = PBXBuildFile; fileRef = AF00D0A521B1D042009864CC /* Assets.xcassets */; };
		AF00D0A921B1D042009864CC /* LaunchScreen.storyboard in Resources */ = {isa = PBXBuildFile; fileRef = AF00D0A721B1D042009864CC /* LaunchScreen.storyboard */; };
		AF00D0B421B1D042009864CC /* UIProgressViewTests.swift in Sources */ = {isa = PBXBuildFile; fileRef = AF00D0B321B1D042009864CC /* UIProgressViewTests.swift */; };
		AF00D0BF21B1D042009864CC /* UIProgressViewUITests.swift in Sources */ = {isa = PBXBuildFile; fileRef = AF00D0BE21B1D042009864CC /* UIProgressViewUITests.swift */; };
/* End PBXBuildFile section */

/* Begin PBXContainerItemProxy section */
		AF00D0B021B1D042009864CC /* PBXContainerItemProxy */ = {
			isa = PBXContainerItemProxy;
			containerPortal = AF00D09321B1D041009864CC /* Project object */;
			proxyType = 1;
			remoteGlobalIDString = AF00D09A21B1D041009864CC;
			remoteInfo = UIProgressView;
		};
		AF00D0BB21B1D042009864CC /* PBXContainerItemProxy */ = {
			isa = PBXContainerItemProxy;
			containerPortal = AF00D09321B1D041009864CC /* Project object */;
			proxyType = 1;
			remoteGlobalIDString = AF00D09A21B1D041009864CC;
			remoteInfo = UIProgressView;
		};
/* End PBXContainerItemProxy section */

/* Begin PBXFileReference section */
		AF00D09B21B1D041009864CC /* UIProgressView.app */ = {isa = PBXFileReference; explicitFileType = wrapper.application; includeInIndex = 0; path = UIProgressView.app; sourceTree = BUILT_PRODUCTS_DIR; };
		AF00D09E21B1D041009864CC /* AppDelegate.swift */ = {isa = PBXFileReference; lastKnownFileType = sourcecode.swift; path = AppDelegate.swift; sourceTree = "<group>"; };
		AF00D0A021B1D041009864CC /* ViewController.swift */ = {isa = PBXFileReference; lastKnownFileType = sourcecode.swift; path = ViewController.swift; sourceTree = "<group>"; };
		AF00D0A321B1D041009864CC /* Base */ = {isa = PBXFileReference; lastKnownFileType = file.storyboard; name = Base; path = Base.lproj/Main.storyboard; sourceTree = "<group>"; };
		AF00D0A521B1D042009864CC /* Assets.xcassets */ = {isa = PBXFileReference; lastKnownFileType = folder.assetcatalog; path = Assets.xcassets; sourceTree = "<group>"; };
		AF00D0A821B1D042009864CC /* Base */ = {isa = PBXFileReference; lastKnownFileType = file.storyboard; name = Base; path = Base.lproj/LaunchScreen.storyboard; sourceTree = "<group>"; };
		AF00D0AA21B1D042009864CC /* Info.plist */ = {isa = PBXFileReference; lastKnownFileType = text.plist.xml; path = Info.plist; sourceTree = "<group>"; };
		AF00D0AF21B1D042009864CC /* UIProgressViewTests.xctest */ = {isa = PBXFileReference; explicitFileType = wrapper.cfbundle; includeInIndex = 0; path = UIProgressViewTests.xctest; sourceTree = BUILT_PRODUCTS_DIR; };
		AF00D0B321B1D042009864CC /* UIProgressViewTests.swift */ = {isa = PBXFileReference; lastKnownFileType = sourcecode.swift; path = UIProgressViewTests.swift; sourceTree = "<group>"; };
		AF00D0B521B1D042009864CC /* Info.plist */ = {isa = PBXFileReference; lastKnownFileType = text.plist.xml; path = Info.plist; sourceTree = "<group>"; };
		AF00D0BA21B1D042009864CC /* UIProgressViewUITests.xctest */ = {isa = PBXFileReference; explicitFileType = wrapper.cfbundle; includeInIndex = 0; path = UIProgressViewUITests.xctest; sourceTree = BUILT_PRODUCTS_DIR; };
		AF00D0BE21B1D042009864CC /* UIProgressViewUITests.swift */ = {isa = PBXFileReference; lastKnownFileType = sourcecode.swift; path = UIProgressViewUITests.swift; sourceTree = "<group>"; };
		AF00D0C021B1D042009864CC /* Info.plist */ = {isa = PBXFileReference; lastKnownFileType = text.plist.xml; path = Info.plist; sourceTree = "<group>"; };
/* End PBXFileReference section */

/* Begin PBXFrameworksBuildPhase section */
		AF00D09821B1D041009864CC /* Frameworks */ = {
			isa = PBXFrameworksBuildPhase;
			buildActionMask = 2147483647;
			files = (
			);
			runOnlyForDeploymentPostprocessing = 0;
		};
		AF00D0AC21B1D042009864CC /* Frameworks */ = {
			isa = PBXFrameworksBuildPhase;
			buildActionMask = 2147483647;
			files = (
			);
			runOnlyForDeploymentPostprocessing = 0;
		};
		AF00D0B721B1D042009864CC /* Frameworks */ = {
			isa = PBXFrameworksBuildPhase;
			buildActionMask = 2147483647;
			files = (
			);
			runOnlyForDeploymentPostprocessing = 0;
		};
/* End PBXFrameworksBuildPhase section */

/* Begin PBXGroup section */
		AF00D09221B1D040009864CC = {
			isa = PBXGroup;
			children = (
				AF00D09D21B1D041009864CC /* UIProgressView */,
				AF00D0B221B1D042009864CC /* UIProgressViewTests */,
				AF00D0BD21B1D042009864CC /* UIProgressViewUITests */,
				AF00D09C21B1D041009864CC /* Products */,
			);
			sourceTree = "<group>";
		};
		AF00D09C21B1D041009864CC /* Products */ = {
			isa = PBXGroup;
			children = (
				AF00D09B21B1D041009864CC /* UIProgressView.app */,
				AF00D0AF21B1D042009864CC /* UIProgressViewTests.xctest */,
				AF00D0BA21B1D042009864CC /* UIProgressViewUITests.xctest */,
			);
			name = Products;
			sourceTree = "<group>";
		};
		AF00D09D21B1D041009864CC /* UIProgressView */ = {
			isa = PBXGroup;
			children = (
				AF00D09E21B1D041009864CC /* AppDelegate.swift */,
				AF00D0A021B1D041009864CC /* ViewController.swift */,
				AF00D0A221B1D041009864CC /* Main.storyboard */,
				AF00D0A521B1D042009864CC /* Assets.xcassets */,
				AF00D0A721B1D042009864CC /* LaunchScreen.storyboard */,
				AF00D0AA21B1D042009864CC /* Info.plist */,
			);
			path = UIProgressView;
			sourceTree = "<group>";
		};
		AF00D0B221B1D042009864CC /* UIProgressViewTests */ = {
			isa = PBXGroup;
			children = (
				AF00D0B321B1D042009864CC /* UIProgressViewTests.swift */,
				AF00D0B521B1D042009864CC /* Info.plist */,
			);
			path = UIProgressViewTests;
			sourceTree = "<group>";
		};
		AF00D0BD21B1D042009864CC /* UIProgressViewUITests */ = {
			isa = PBXGroup;
			children = (
				AF00D0BE21B1D042009864CC /* UIProgressViewUITests.swift */,
				AF00D0C021B1D042009864CC /* Info.plist */,
			);
			path = UIProgressViewUITests;
			sourceTree = "<group>";
		};
/* End PBXGroup section */

/* Begin PBXNativeTarget section */
		AF00D09A21B1D041009864CC /* UIProgressView */ = {
			isa = PBXNativeTarget;
			buildConfigurationList = AF00D0C321B1D042009864CC /* Build configuration list for PBXNativeTarget "UIProgressView" */;
			buildPhases = (
				AF00D09721B1D041009864CC /* Sources */,
				AF00D09821B1D041009864CC /* Frameworks */,
				AF00D09921B1D041009864CC /* Resources */,
			);
			buildRules = (
			);
			dependencies = (
			);
			name = UIProgressView;
			productName = UIProgressView;
			productReference = AF00D09B21B1D041009864CC /* UIProgressView.app */;
			productType = "com.apple.product-type.application";
		};
		AF00D0AE21B1D042009864CC /* UIProgressViewTests */ = {
			isa = PBXNativeTarget;
			buildConfigurationList = AF00D0C621B1D042009864CC /* Build configuration list for PBXNativeTarget "UIProgressViewTests" */;
			buildPhases = (
				AF00D0AB21B1D042009864CC /* Sources */,
				AF00D0AC21B1D042009864CC /* Frameworks */,
				AF00D0AD21B1D042009864CC /* Resources */,
			);
			buildRules = (
			);
			dependencies = (
				AF00D0B121B1D042009864CC /* PBXTargetDependency */,
			);
			name = UIProgressViewTests;
			productName = UIProgressViewTests;
			productReference = AF00D0AF21B1D042009864CC /* UIProgressViewTests.xctest */;
			productType = "com.apple.product-type.bundle.unit-test";
		};
		AF00D0B921B1D042009864CC /* UIProgressViewUITests */ = {
			isa = PBXNativeTarget;
			buildConfigurationList = AF00D0C921B1D042009864CC /* Build configuration list for PBXNativeTarget "UIProgressViewUITests" */;
			buildPhases = (
				AF00D0B621B1D042009864CC /* Sources */,
				AF00D0B721B1D042009864CC /* Frameworks */,
				AF00D0B821B1D042009864CC /* Resources */,
			);
			buildRules = (
			);
			dependencies = (
				AF00D0BC21B1D042009864CC /* PBXTargetDependency */,
			);
			name = UIProgressViewUITests;
			productName = UIProgressViewUITests;
			productReference = AF00D0BA21B1D042009864CC /* UIProgressViewUITests.xctest */;
			productType = "com.apple.product-type.bundle.ui-testing";
		};
/* End PBXNativeTarget section */

/* Begin PBXProject section */
		AF00D09321B1D041009864CC /* Project object */ = {
			isa = PBXProject;
			attributes = {
				LastSwiftUpdateCheck = 1010;
				LastUpgradeCheck = 1010;
				ORGANIZATIONNAME = Vanjo;
				TargetAttributes = {
					AF00D09A21B1D041009864CC = {
						CreatedOnToolsVersion = 10.1;
					};
					AF00D0AE21B1D042009864CC = {
						CreatedOnToolsVersion = 10.1;
						TestTargetID = AF00D09A21B1D041009864CC;
					};
					AF00D0B921B1D042009864CC = {
						CreatedOnToolsVersion = 10.1;
						TestTargetID = AF00D09A21B1D041009864CC;
					};
				};
			};
			buildConfigurationList = AF00D09621B1D041009864CC /* Build configuration list for PBXProject "UIProgressView" */;
			compatibilityVersion = "Xcode 9.3";
			developmentRegion = en;
			hasScannedForEncodings = 0;
			knownRegions = (
				en,
				Base,
			);
			mainGroup = AF00D09221B1D040009864CC;
			productRefGroup = AF00D09C21B1D041009864CC /* Products */;
			projectDirPath = "";
			projectRoot = "";
			targets = (
				AF00D09A21B1D041009864CC /* UIProgressView */,
				AF00D0AE21B1D042009864CC /* UIProgressViewTests */,
				AF00D0B921B1D042009864CC /* UIProgressViewUITests */,
			);
		};
/* End PBXProject section */

/* Begin PBXResourcesBuildPhase section */
		AF00D09921B1D041009864CC /* Resources */ = {
			isa = PBXResourcesBuildPhase;
			buildActionMask = 2147483647;
			files = (
				AF00D0A921B1D042009864CC /* LaunchScreen.storyboard in Resources */,
				AF00D0A621B1D042009864CC /* Assets.xcassets in Resources */,
				AF00D0A421B1D041009864CC /* Main.storyboard in Resources */,
			);
			runOnlyForDeploymentPostprocessing = 0;
		};
		AF00D0AD21B1D042009864CC /* Resources */ = {
			isa = PBXResourcesBuildPhase;
			buildActionMask = 2147483647;
			files = (
			);
			runOnlyForDeploymentPostprocessing = 0;
		};
		AF00D0B821B1D042009864CC /* Resources */ = {
			isa = PBXResourcesBuildPhase;
			buildActionMask = 2147483647;
			files = (
			);
			runOnlyForDeploymentPostprocessing = 0;
		};
/* End PBXResourcesBuildPhase section */

/* Begin PBXSourcesBuildPhase section */
		AF00D09721B1D041009864CC /* Sources */ = {
			isa = PBXSourcesBuildPhase;
			buildActionMask = 2147483647;
			files = (
				AF00D0A121B1D041009864CC /* ViewController.swift in Sources */,
				AF00D09F21B1D041009864CC /* AppDelegate.swift in Sources */,
			);
			runOnlyForDeploymentPostprocessing = 0;
		};
		AF00D0AB21B1D042009864CC /* Sources */ = {
			isa = PBXSourcesBuildPhase;
			buildActionMask = 2147483647;
			files = (
				AF00D0B421B1D042009864CC /* UIProgressViewTests.swift in Sources */,
			);
			runOnlyForDeploymentPostprocessing = 0;
		};
		AF00D0B621B1D042009864CC /* Sources */ = {
			isa = PBXSourcesBuildPhase;
			buildActionMask = 2147483647;
			files = (
				AF00D0BF21B1D042009864CC /* UIProgressViewUITests.swift in Sources */,
			);
			runOnlyForDeploymentPostprocessing = 0;
		};
/* End PBXSourcesBuildPhase section */

/* Begin PBXTargetDependency section */
		AF00D0B121B1D042009864CC /* PBXTargetDependency */ = {
			isa = PBXTargetDependency;
			target = AF00D09A21B1D041009864CC /* UIProgressView */;
			targetProxy = AF00D0B021B1D042009864CC /* PBXContainerItemProxy */;
		};
		AF00D0BC21B1D042009864CC /* PBXTargetDependency */ = {
			isa = PBXTargetDependency;
			target = AF00D09A21B1D041009864CC /* UIProgressView */;
			targetProxy = AF00D0BB21B1D042009864CC /* PBXContainerItemProxy */;
		};
/* End PBXTargetDependency section */

/* Begin PBXVariantGroup section */
		AF00D0A221B1D041009864CC /* Main.storyboard */ = {
			isa = PBXVariantGroup;
			children = (
				AF00D0A321B1D041009864CC /* Base */,
			);
			name = Main.storyboard;
			sourceTree = "<group>";
		};
		AF00D0A721B1D042009864CC /* LaunchScreen.storyboard */ = {
			isa = PBXVariantGroup;
			children = (
				AF00D0A821B1D042009864CC /* Base */,
			);
			name = LaunchScreen.storyboard;
			sourceTree = "<group>";
		};
/* End PBXVariantGroup section */

/* Begin XCBuildConfiguration section */
		AF00D0C121B1D042009864CC /* Debug */ = {
			isa = XCBuildConfiguration;
			buildSettings = {
				ALWAYS_SEARCH_USER_PATHS = NO;
				CLANG_ANALYZER_NONNULL = YES;
				CLANG_ANALYZER_NUMBER_OBJECT_CONVERSION = YES_AGGRESSIVE;
				CLANG_CXX_LANGUAGE_STANDARD = "gnu++14";
				CLANG_CXX_LIBRARY = "libc++";
				CLANG_ENABLE_MODULES = YES;
				CLANG_ENABLE_OBJC_ARC = YES;
				CLANG_ENABLE_OBJC_WEAK = YES;
				CLANG_WARN_BLOCK_CAPTURE_AUTORELEASING = YES;
				CLANG_WARN_BOOL_CONVERSION = YES;
				CLANG_WARN_COMMA = YES;
				CLANG_WARN_CONSTANT_CONVERSION = YES;
				CLANG_WARN_DEPRECATED_OBJC_IMPLEMENTATIONS = YES;
				CLANG_WARN_DIRECT_OBJC_ISA_USAGE = YES_ERROR;
				CLANG_WARN_DOCUMENTATION_COMMENTS = YES;
				CLANG_WARN_EMPTY_BODY = YES;
				CLANG_WARN_ENUM_CONVERSION = YES;
				CLANG_WARN_INFINITE_RECURSION = YES;
				CLANG_WARN_INT_CONVERSION = YES;
				CLANG_WARN_NON_LITERAL_NULL_CONVERSION = YES;
				CLANG_WARN_OBJC_IMPLICIT_RETAIN_SELF = YES;
				CLANG_WARN_OBJC_LITERAL_CONVERSION = YES;
				CLANG_WARN_OBJC_ROOT_CLASS = YES_ERROR;
				CLANG_WARN_RANGE_LOOP_ANALYSIS = YES;
				CLANG_WARN_STRICT_PROTOTYPES = YES;
				CLANG_WARN_SUSPICIOUS_MOVE = YES;
				CLANG_WARN_UNGUARDED_AVAILABILITY = YES_AGGRESSIVE;
				CLANG_WARN_UNREACHABLE_CODE = YES;
				CLANG_WARN__DUPLICATE_METHOD_MATCH = YES;
				CODE_SIGN_IDENTITY = "iPhone Developer";
				COPY_PHASE_STRIP = NO;
				DEBUG_INFORMATION_FORMAT = dwarf;
				ENABLE_STRICT_OBJC_MSGSEND = YES;
				ENABLE_TESTABILITY = YES;
				GCC_C_LANGUAGE_STANDARD = gnu11;
				GCC_DYNAMIC_NO_PIC = NO;
				GCC_NO_COMMON_BLOCKS = YES;
				GCC_OPTIMIZATION_LEVEL = 0;
				GCC_PREPROCESSOR_DEFINITIONS = (
					"DEBUG=1",
					"$(inherited)",
				);
				GCC_WARN_64_TO_32_BIT_CONVERSION = YES;
				GCC_WARN_ABOUT_RETURN_TYPE = YES_ERROR;
				GCC_WARN_UNDECLARED_SELECTOR = YES;
				GCC_WARN_UNINITIALIZED_AUTOS = YES_AGGRESSIVE;
				GCC_WARN_UNUSED_FUNCTION = YES;
				GCC_WARN_UNUSED_VARIABLE = YES;
				IPHONEOS_DEPLOYMENT_TARGET = 12.1;
				MTL_ENABLE_DEBUG_INFO = INCLUDE_SOURCE;
				MTL_FAST_MATH = YES;
				ONLY_ACTIVE_ARCH = YES;
				SDKROOT = iphoneos;
				SWIFT_ACTIVE_COMPILATION_CONDITIONS = DEBUG;
				SWIFT_OPTIMIZATION_LEVEL = "-Onone";
			};
			name = Debug;
		};
		AF00D0C221B1D042009864CC /* Release */ = {
			isa = XCBuildConfiguration;
			buildSettings = {
				ALWAYS_SEARCH_USER_PATHS = NO;
				CLANG_ANALYZER_NONNULL = YES;
				CLANG_ANALYZER_NUMBER_OBJECT_CONVERSION = YES_AGGRESSIVE;
				CLANG_CXX_LANGUAGE_STANDARD = "gnu++14";
				CLANG_CXX_LIBRARY = "libc++";
				CLANG_ENABLE_MODULES = YES;
				CLANG_ENABLE_OBJC_ARC = YES;
				CLANG_ENABLE_OBJC_WEAK = YES;
				CLANG_WARN_BLOCK_CAPTURE_AUTORELEASING = YES;
				CLANG_WARN_BOOL_CONVERSION = YES;
				CLANG_WARN_COMMA = YES;
				CLANG_WARN_CONSTANT_CONVERSION = YES;
				CLANG_WARN_DEPRECATED_OBJC_IMPLEMENTATIONS = YES;
				CLANG_WARN_DIRECT_OBJC_ISA_USAGE = YES_ERROR;
				CLANG_WARN_DOCUMENTATION_COMMENTS = YES;
				CLANG_WARN_EMPTY_BODY = YES;
				CLANG_WARN_ENUM_CONVERSION = YES;
				CLANG_WARN_INFINITE_RECURSION = YES;
				CLANG_WARN_INT_CONVERSION = YES;
				CLANG_WARN_NON_LITERAL_NULL_CONVERSION = YES;
				CLANG_WARN_OBJC_IMPLICIT_RETAIN_SELF = YES;
				CLANG_WARN_OBJC_LITERAL_CONVERSION = YES;
				CLANG_WARN_OBJC_ROOT_CLASS = YES_ERROR;
				CLANG_WARN_RANGE_LOOP_ANALYSIS = YES;
				CLANG_WARN_STRICT_PROTOTYPES = YES;
				CLANG_WARN_SUSPICIOUS_MOVE = YES;
				CLANG_WARN_UNGUARDED_AVAILABILITY = YES_AGGRESSIVE;
				CLANG_WARN_UNREACHABLE_CODE = YES;
				CLANG_WARN__DUPLICATE_METHOD_MATCH = YES;
				CODE_SIGN_IDENTITY = "iPhone Developer";
				COPY_PHASE_STRIP = NO;
				DEBUG_INFORMATION_FORMAT = "dwarf-with-dsym";
				ENABLE_NS_ASSERTIONS = NO;
				ENABLE_STRICT_OBJC_MSGSEND = YES;
				GCC_C_LANGUAGE_STANDARD = gnu11;
				GCC_NO_COMMON_BLOCKS = YES;
				GCC_WARN_64_TO_32_BIT_CONVERSION = YES;
				GCC_WARN_ABOUT_RETURN_TYPE = YES_ERROR;
				GCC_WARN_UNDECLARED_SELECTOR = YES;
				GCC_WARN_UNINITIALIZED_AUTOS = YES_AGGRESSIVE;
				GCC_WARN_UNUSED_FUNCTION = YES;
				GCC_WARN_UNUSED_VARIABLE = YES;
				IPHONEOS_DEPLOYMENT_TARGET = 12.1;
				MTL_ENABLE_DEBUG_INFO = NO;
				MTL_FAST_MATH = YES;
				SDKROOT = iphoneos;
				SWIFT_COMPILATION_MODE = wholemodule;
				SWIFT_OPTIMIZATION_LEVEL = "-O";
				VALIDATE_PRODUCT = YES;
			};
			name = Release;
		};
		AF00D0C421B1D042009864CC /* Debug */ = {
			isa = XCBuildConfiguration;
			buildSettings = {
				ASSETCATALOG_COMPILER_APPICON_NAME = AppIcon;
				CODE_SIGN_STYLE = Automatic;
				DEVELOPMENT_TEAM = 779L93M27G;
				INFOPLIST_FILE = UIProgressView/Info.plist;
				LD_RUNPATH_SEARCH_PATHS = (
					"$(inherited)",
					"@executable_path/Frameworks",
				);
				PRODUCT_BUNDLE_IDENTIFIER = Vanjo.UIProgressView;
				PRODUCT_NAME = "$(TARGET_NAME)";
				SWIFT_VERSION = 4.2;
				TARGETED_DEVICE_FAMILY = "1,2";
			};
			name = Debug;
		};
		AF00D0C521B1D042009864CC /* Release */ = {
			isa = XCBuildConfiguration;
			buildSettings = {
				ASSETCATALOG_COMPILER_APPICON_NAME = AppIcon;
				CODE_SIGN_STYLE = Automatic;
				DEVELOPMENT_TEAM = 779L93M27G;
				INFOPLIST_FILE = UIProgressView/Info.plist;
				LD_RUNPATH_SEARCH_PATHS = (
					"$(inherited)",
					"@executable_path/Frameworks",
				);
				PRODUCT_BUNDLE_IDENTIFIER = Vanjo.UIProgressView;
				PRODUCT_NAME = "$(TARGET_NAME)";
				SWIFT_VERSION = 4.2;
				TARGETED_DEVICE_FAMILY = "1,2";
			};
			name = Release;
		};
		AF00D0C721B1D042009864CC /* Debug */ = {
			isa = XCBuildConfiguration;
			buildSettings = {
				ALWAYS_EMBED_SWIFT_STANDARD_LIBRARIES = YES;
				BUNDLE_LOADER = "$(TEST_HOST)";
				CODE_SIGN_STYLE = Automatic;
				DEVELOPMENT_TEAM = 5LXRW43P69;
				INFOPLIST_FILE = UIProgressViewTests/Info.plist;
				LD_RUNPATH_SEARCH_PATHS = (
					"$(inherited)",
					"@executable_path/Frameworks",
					"@loader_path/Frameworks",
				);
				PRODUCT_BUNDLE_IDENTIFIER = Vanjo.UIProgressViewTests;
				PRODUCT_NAME = "$(TARGET_NAME)";
				SWIFT_VERSION = 4.2;
				TARGETED_DEVICE_FAMILY = "1,2";
				TEST_HOST = "$(BUILT_PRODUCTS_DIR)/UIProgressView.app/UIProgressView";
			};
			name = Debug;
		};
		AF00D0C821B1D042009864CC /* Release */ = {
			isa = XCBuildConfiguration;
			buildSettings = {
				ALWAYS_EMBED_SWIFT_STANDARD_LIBRARIES = YES;
				BUNDLE_LOADER = "$(TEST_HOST)";
				CODE_SIGN_STYLE = Automatic;
				DEVELOPMENT_TEAM = 5LXRW43P69;
				INFOPLIST_FILE = UIProgressViewTests/Info.plist;
				LD_RUNPATH_SEARCH_PATHS = (
					"$(inherited)",
					"@executable_path/Frameworks",
					"@loader_path/Frameworks",
				);
				PRODUCT_BUNDLE_IDENTIFIER = Vanjo.UIProgressViewTests;
				PRODUCT_NAME = "$(TARGET_NAME)";
				SWIFT_VERSION = 4.2;
				TARGETED_DEVICE_FAMILY = "1,2";
				TEST_HOST = "$(BUILT_PRODUCTS_DIR)/UIProgressView.app/UIProgressView";
			};
			name = Release;
		};
		AF00D0CA21B1D042009864CC /* Debug */ = {
			isa = XCBuildConfiguration;
			buildSettings = {
				ALWAYS_EMBED_SWIFT_STANDARD_LIBRARIES = YES;
				CODE_SIGN_STYLE = Automatic;
				DEVELOPMENT_TEAM = 5LXRW43P69;
				INFOPLIST_FILE = UIProgressViewUITests/Info.plist;
				LD_RUNPATH_SEARCH_PATHS = (
					"$(inherited)",
					"@executable_path/Frameworks",
					"@loader_path/Frameworks",
				);
				PRODUCT_BUNDLE_IDENTIFIER = Vanjo.UIProgressViewUITests;
				PRODUCT_NAME = "$(TARGET_NAME)";
				SWIFT_VERSION = 4.2;
				TARGETED_DEVICE_FAMILY = "1,2";
				TEST_TARGET_NAME = UIProgressView;
			};
			name = Debug;
		};
		AF00D0CB21B1D042009864CC /* Release */ = {
			isa = XCBuildConfiguration;
			buildSettings = {
				ALWAYS_EMBED_SWIFT_STANDARD_LIBRARIES = YES;
				CODE_SIGN_STYLE = Automatic;
				DEVELOPMENT_TEAM = 5LXRW43P69;
				INFOPLIST_FILE = UIProgressViewUITests/Info.plist;
				LD_RUNPATH_SEARCH_PATHS = (
					"$(inherited)",
					"@executable_path/Frameworks",
					"@loader_path/Frameworks",
				);
				PRODUCT_BUNDLE_IDENTIFIER = Vanjo.UIProgressViewUITests;
				PRODUCT_NAME = "$(TARGET_NAME)";
				SWIFT_VERSION = 4.2;
				TARGETED_DEVICE_FAMILY = "1,2";
				TEST_TARGET_NAME = UIProgressView;
			};
			name = Release;
		};
/* End XCBuildConfiguration section */

/* Begin XCConfigurationList section */
		AF00D09621B1D041009864CC /* Build configuration list for PBXProject "UIProgressView" */ = {
			isa = XCConfigurationList;
			buildConfigurations = (
				AF00D0C121B1D042009864CC /* Debug */,
				AF00D0C221B1D042009864CC /* Release */,
			);
			defaultConfigurationIsVisible = 0;
			defaultConfigurationName = Release;
		};
		AF00D0C321B1D042009864CC /* Build configuration list for PBXNativeTarget "UIProgressView" */ = {
			isa = XCConfigurationList;
			buildConfigurations = (
				AF00D0C421B1D042009864CC /* Debug */,
				AF00D0C521B1D042009864CC /* Release */,
			);
			defaultConfigurationIsVisible = 0;
			defaultConfigurationName = Release;
		};
		AF00D0C621B1D042009864CC /* Build configuration list for PBXNativeTarget "UIProgressViewTests" */ = {
			isa = XCConfigurationList;
			buildConfigurations = (
				AF00D0C721B1D042009864CC /* Debug */,
				AF00D0C821B1D042009864CC /* Release */,
			);
			defaultConfigurationIsVisible = 0;
			defaultConfigurationName = Release;
		};
		AF00D0C921B1D042009864CC /* Build configuration list for PBXNativeTarget "UIProgressViewUITests" */ = {
			isa = XCConfigurationList;
			buildConfigurations = (
				AF00D0CA21B1D042009864CC /* Debug */,
				AF00D0CB21B1D042009864CC /* Release */,
			);
			defaultConfigurationIsVisible = 0;
			defaultConfigurationName = Release;
		};
/* End XCConfigurationList section */
	};
	rootObject = AF00D09321B1D041009864CC /* Project object */;
}
